// !$*UTF8*$!
{
	archiveVersion = 1;
	classes = {
	};
	objectVersion = 46;
	objects = {

/* Begin PBXBuildFile section */
		4EC462881975FA0700A57C7D /* Line_Hor@2x.png in Resources */ = {isa = PBXBuildFile; fileRef = 4EC462861975FA0700A57C7D /* Line_Hor@2x.png */; };
		4EC462891975FA0700A57C7D /* Line_Ver@2x.png in Resources */ = {isa = PBXBuildFile; fileRef = 4EC462871975FA0700A57C7D /* Line_Ver@2x.png */; };
		4EE55C7419751FB20078428D /* Foundation.framework in Frameworks */ = {isa = PBXBuildFile; fileRef = 4EE55C7319751FB20078428D /* Foundation.framework */; };
		4EE55C7619751FB20078428D /* CoreGraphics.framework in Frameworks */ = {isa = PBXBuildFile; fileRef = 4EE55C7519751FB20078428D /* CoreGraphics.framework */; };
		4EE55C7819751FB20078428D /* UIKit.framework in Frameworks */ = {isa = PBXBuildFile; fileRef = 4EE55C7719751FB20078428D /* UIKit.framework */; };
		4EE55C7E19751FB20078428D /* InfoPlist.strings in Resources */ = {isa = PBXBuildFile; fileRef = 4EE55C7C19751FB20078428D /* InfoPlist.strings */; };
		4EE55C8019751FB20078428D /* main.m in Sources */ = {isa = PBXBuildFile; fileRef = 4EE55C7F19751FB20078428D /* main.m */; };
		4EE55C8419751FB20078428D /* AppDelegate.m in Sources */ = {isa = PBXBuildFile; fileRef = 4EE55C8319751FB20078428D /* AppDelegate.m */; };
		4EE55C8A19751FB20078428D /* Main_iPad.storyboard in Resources */ = {isa = PBXBuildFile; fileRef = 4EE55C8819751FB20078428D /* Main_iPad.storyboard */; };
		4EE55C8F19751FB20078428D /* Images.xcassets in Resources */ = {isa = PBXBuildFile; fileRef = 4EE55C8E19751FB20078428D /* Images.xcassets */; };
		4EE55C9619751FB20078428D /* XCTest.framework in Frameworks */ = {isa = PBXBuildFile; fileRef = 4EE55C9519751FB20078428D /* XCTest.framework */; };
		4EE55C9719751FB20078428D /* Foundation.framework in Frameworks */ = {isa = PBXBuildFile; fileRef = 4EE55C7319751FB20078428D /* Foundation.framework */; };
		4EE55C9819751FB20078428D /* UIKit.framework in Frameworks */ = {isa = PBXBuildFile; fileRef = 4EE55C7719751FB20078428D /* UIKit.framework */; };
		4EE55CA019751FB20078428D /* InfoPlist.strings in Resources */ = {isa = PBXBuildFile; fileRef = 4EE55C9E19751FB20078428D /* InfoPlist.strings */; };
		4EE55CA219751FB20078428D /* SteelStaticsTests.m in Sources */ = {isa = PBXBuildFile; fileRef = 4EE55CA119751FB20078428D /* SteelStaticsTests.m */; };
		5E0E29B9197A450F00B7BC87 /* AccountInformation-Details_09@2x.png in Resources */ = {isa = PBXBuildFile; fileRef = 5E0E29B8197A450F00B7BC87 /* AccountInformation-Details_09@2x.png */; };
		5E14B9BF1977ACD600B4918D /* icon.png in Resources */ = {isa = PBXBuildFile; fileRef = 5E14B9BE1977ACD600B4918D /* icon.png */; };
		5E4119B21979F3FB008A1B2B /* 角鋼.png in Resources */ = {isa = PBXBuildFile; fileRef = 5E4119A11979F3FB008A1B2B /* 角鋼.png */; };
		5E4119B51979F3FB008A1B2B /* 高焊H.png in Resources */ = {isa = PBXBuildFile; fileRef = 5E4119A41979F3FB008A1B2B /* 高焊H.png */; };
		5E4119B61979F3FB008A1B2B /* 圓管.png in Resources */ = {isa = PBXBuildFile; fileRef = 5E4119A51979F3FB008A1B2B /* 圓管.png */; };
		5E4119B71979F3FB008A1B2B /* 圓鋼.png in Resources */ = {isa = PBXBuildFile; fileRef = 5E4119A61979F3FB008A1B2B /* 圓鋼.png */; };
		5E4119B81979F3FB008A1B2B /* 圓鋼管通用一.png in Resources */ = {isa = PBXBuildFile; fileRef = 5E4119A71979F3FB008A1B2B /* 圓鋼管通用一.png */; };
		5E4119B91979F3FB008A1B2B /* 圓鋼管通用二.png in Resources */ = {isa = PBXBuildFile; fileRef = 5E4119A81979F3FB008A1B2B /* 圓鋼管通用二.png */; };
		5E4119BA1979F3FB008A1B2B /* 圓鋼管通用三.png in Resources */ = {isa = PBXBuildFile; fileRef = 5E4119A91979F3FB008A1B2B /* 圓鋼管通用三.png */; };
		5E4119BB1979F3FB008A1B2B /* 槽鋼.png in Resources */ = {isa = PBXBuildFile; fileRef = 5E4119AA1979F3FB008A1B2B /* 槽鋼.png */; };
		5E4119BC1979F3FB008A1B2B /* 熱H一.png in Resources */ = {isa = PBXBuildFile; fileRef = 5E4119AB1979F3FB008A1B2B /* 熱H一.png */; };
		5E4119BD1979F3FB008A1B2B /* 熱H二.png in Resources */ = {isa = PBXBuildFile; fileRef = 5E4119AC1979F3FB008A1B2B /* 熱H二.png */; };
		5E4119BE1979F3FB008A1B2B /* C型鋼.png in Resources */ = {isa = PBXBuildFile; fileRef = 5E4119AD1979F3FB008A1B2B /* C型鋼.png */; };
		5E4119BF1979F3FB008A1B2B /* H型鋼不對稱.png in Resources */ = {isa = PBXBuildFile; fileRef = 5E4119AE1979F3FB008A1B2B /* H型鋼不對稱.png */; };
		5E4119C01979F3FB008A1B2B /* H型鋼截面.png in Resources */ = {isa = PBXBuildFile; fileRef = 5E4119AF1979F3FB008A1B2B /* H型鋼截面.png */; };
		5E4119C11979F3FB008A1B2B /* Z型鋼.png in Resources */ = {isa = PBXBuildFile; fileRef = 5E4119B01979F3FB008A1B2B /* Z型鋼.png */; };
		5E4119CD197A0358008A1B2B /* tif.png in Resources */ = {isa = PBXBuildFile; fileRef = 5E4119CC197A0358008A1B2B /* tif.png */; };
		5E71DE8419930CA600CC7CF0 /* 變截面H型鋼(坡度).png in Resources */ = {isa = PBXBuildFile; fileRef = 5E71DE8319930CA600CC7CF0 /* 變截面H型鋼(坡度).png */; };
		5E71DE8A1993179C00CC7CF0 /* 天車.png in Resources */ = {isa = PBXBuildFile; fileRef = 5E71DE891993179C00CC7CF0 /* 天車.png */; };
		5E71DE9019932D3700CC7CF0 /* 鋼板.png in Resources */ = {isa = PBXBuildFile; fileRef = 5E71DE8F19932D3700CC7CF0 /* 鋼板.png */; };
		5E8CCFAA1988A0D800F473EB /* material_input2@2x.png in Resources */ = {isa = PBXBuildFile; fileRef = 5E8CCFA81988A0D800F473EB /* material_input2@2x.png */; };
		5E8CCFAB1988A0D800F473EB /* material_input3@2x.png in Resources */ = {isa = PBXBuildFile; fileRef = 5E8CCFA91988A0D800F473EB /* material_input3@2x.png */; };
		5E8CCFAE1988A0DF00F473EB /* OutSingle_姓名栏@2x.png in Resources */ = {isa = PBXBuildFile; fileRef = 5E8CCFAC1988A0DF00F473EB /* OutSingle_姓名栏@2x.png */; };
		5E8CCFAF1988A0DF00F473EB /* Picking_通知按钮@2x.png in Resources */ = {isa = PBXBuildFile; fileRef = 5E8CCFAD1988A0DF00F473EB /* Picking_通知按钮@2x.png */; };
		5E8CCFB11988A0E300F473EB /* bg-middle.png in Resources */ = {isa = PBXBuildFile; fileRef = 5E8CCFB01988A0E200F473EB /* bg-middle.png */; };
		5E99B8B41978B59800960698 /* icon.png in Resources */ = {isa = PBXBuildFile; fileRef = 5E99B8A51978B59800960698 /* icon.png */; };
		5E99B8B51978B59800960698 /* Line_Hor@2x.png in Resources */ = {isa = PBXBuildFile; fileRef = 5E99B8A61978B59800960698 /* Line_Hor@2x.png */; };
		5E99B8B61978B59800960698 /* Line_Ver@2x.png in Resources */ = {isa = PBXBuildFile; fileRef = 5E99B8A71978B59800960698 /* Line_Ver@2x.png */; };
		5EAA8E001980D74300E55A3D /* down_dark.png in Resources */ = {isa = PBXBuildFile; fileRef = 5EAA8DFF1980D74300E55A3D /* down_dark.png */; };
		5EB4EF71197DE73D00CCAFED /* 矩形管規.png in Resources */ = {isa = PBXBuildFile; fileRef = 5EB4EF70197DE73D00CCAFED /* 矩形管規.png */; };
		5EDFF871197F3C5700A1EBFA /* 矩形管.png in Resources */ = {isa = PBXBuildFile; fileRef = 5EDFF870197F3C5700A1EBFA /* 矩形管.png */; };
		5EDFF87F197F98FC00A1EBFA /* btn_momal.png in Resources */ = {isa = PBXBuildFile; fileRef = 5EDFF87B197F98FC00A1EBFA /* btn_momal.png */; };
		5EFBC7621978F075003F2839 /* blue.png in Resources */ = {isa = PBXBuildFile; fileRef = 5EFBC75D1978F075003F2839 /* blue.png */; };
		5EFBC7631978F075003F2839 /* green.png in Resources */ = {isa = PBXBuildFile; fileRef = 5EFBC75E1978F075003F2839 /* green.png */; };
		5EFBC7641978F075003F2839 /* ori.png in Resources */ = {isa = PBXBuildFile; fileRef = 5EFBC75F1978F075003F2839 /* ori.png */; };
		5EFBC7651978F075003F2839 /* red.png in Resources */ = {isa = PBXBuildFile; fileRef = 5EFBC7601978F075003F2839 /* red.png */; };
		5EFBC7661978F075003F2839 /* yellow.png in Resources */ = {isa = PBXBuildFile; fileRef = 5EFBC7611978F075003F2839 /* yellow.png */; };
		5EFBC7741978F11D003F2839 /* CustomerDataCard_07@2x.png in Resources */ = {isa = PBXBuildFile; fileRef = 5EFBC7691978F11D003F2839 /* CustomerDataCard_07@2x.png */; };
		5EFBC7751978F11D003F2839 /* EmployeeDataSheet_21@2x.png in Resources */ = {isa = PBXBuildFile; fileRef = 5EFBC76A1978F11D003F2839 /* EmployeeDataSheet_21@2x.png */; };
		5EFBC7761978F11D003F2839 /* EmployeeDataSheet_24@2x.png in Resources */ = {isa = PBXBuildFile; fileRef = 5EFBC76B1978F11D003F2839 /* EmployeeDataSheet_24@2x.png */; };
		BA15E22C1996035800DC1E22 /* FrameHelper.m in Sources */ = {isa = PBXBuildFile; fileRef = BA15E2271996035800DC1E22 /* FrameHelper.m */; };
		BA15E22D1996035800DC1E22 /* FrameTranslater.m in Sources */ = {isa = PBXBuildFile; fileRef = BA15E2291996035800DC1E22 /* FrameTranslater.m */; };
		BA15E22E1996035800DC1E22 /* UIView+Frame.m in Sources */ = {isa = PBXBuildFile; fileRef = BA15E22B1996035800DC1E22 /* UIView+Frame.m */; };
		BA15E231199603A600DC1E22 /* RectHelper.m in Sources */ = {isa = PBXBuildFile; fileRef = BA15E230199603A600DC1E22 /* RectHelper.m */; };
		BA15E2371996053000DC1E22 /* NSArray+Additions.m in Sources */ = {isa = PBXBuildFile; fileRef = BA15E2361996053000DC1E22 /* NSArray+Additions.m */; };
		BA15E23A1996153F00DC1E22 /* ColorHelper.m in Sources */ = {isa = PBXBuildFile; fileRef = BA15E2391996153F00DC1E22 /* ColorHelper.m */; };
		BA15E23D1996155400DC1E22 /* UIColor+FlatColors.m in Sources */ = {isa = PBXBuildFile; fileRef = BA15E23C1996155400DC1E22 /* UIColor+FlatColors.m */; };
		BA15E24019961A5B00DC1E22 /* UILabel+AdjustWidth.m in Sources */ = {isa = PBXBuildFile; fileRef = BA15E23F19961A5B00DC1E22 /* UILabel+AdjustWidth.m */; };
		BA391DDC199B492300E5B724 /* EmployeeDataSheet_32@2x.png in Resources */ = {isa = PBXBuildFile; fileRef = BA391DDB199B492300E5B724 /* EmployeeDataSheet_32@2x.png */; };
		BA391DE2199B513B00E5B724 /* Values1.json in Resources */ = {isa = PBXBuildFile; fileRef = BA391DE1199B513B00E5B724 /* Values1.json */; };
		BA391DE4199B602600E5B724 /* Values2.json in Resources */ = {isa = PBXBuildFile; fileRef = BA391DE3199B602600E5B724 /* Values2.json */; };
		BA99E3C2199C85BA005FE1D3 /* IQKeyboardManager.m in Sources */ = {isa = PBXBuildFile; fileRef = BA99E391199C85BA005FE1D3 /* IQKeyboardManager.m */; };
		BA99E3C3199C85BA005FE1D3 /* SSNumberHelper.m in Sources */ = {isa = PBXBuildFile; fileRef = BA99E393199C85BA005FE1D3 /* SSNumberHelper.m */; };
		BA99E3C4199C85BA005FE1D3 /* SSViewHelper.m in Sources */ = {isa = PBXBuildFile; fileRef = BA99E395199C85BA005FE1D3 /* SSViewHelper.m */; };
		BA99E3C5199C85BA005FE1D3 /* AppScrollView.m in Sources */ = {isa = PBXBuildFile; fileRef = BA99E399199C85BA005FE1D3 /* AppScrollView.m */; };
		BA99E3C6199C85BA005FE1D3 /* BaseButton.m in Sources */ = {isa = PBXBuildFile; fileRef = BA99E39B199C85BA005FE1D3 /* BaseButton.m */; };
		BA99E3C7199C85BA005FE1D3 /* BaseTextField.m in Sources */ = {isa = PBXBuildFile; fileRef = BA99E39D199C85BA005FE1D3 /* BaseTextField.m */; };
		BA99E3C8199C85BA005FE1D3 /* CaculateTextField.m in Sources */ = {isa = PBXBuildFile; fileRef = BA99E39F199C85BA005FE1D3 /* CaculateTextField.m */; };
		BA99E3C9199C85BA005FE1D3 /* DropDown1.m in Sources */ = {isa = PBXBuildFile; fileRef = BA99E3A1199C85BA005FE1D3 /* DropDown1.m */; };
		BA99E3CA199C85BA005FE1D3 /* OrderTableViewCell.m in Sources */ = {isa = PBXBuildFile; fileRef = BA99E3A3199C85BA005FE1D3 /* OrderTableViewCell.m */; };
		BA99E3CB199C85BA005FE1D3 /* AppNavController.m in Sources */ = {isa = PBXBuildFile; fileRef = BA99E3A6199C85BA005FE1D3 /* AppNavController.m */; };
		BA99E3CC199C85BA005FE1D3 /* AppTabBarController.m in Sources */ = {isa = PBXBuildFile; fileRef = BA99E3A8199C85BA005FE1D3 /* AppTabBarController.m */; };
		BA99E3D8199C85BA005FE1D3 /* ViewManager.m in Sources */ = {isa = PBXBuildFile; fileRef = BA99E3C1199C85BA005FE1D3 /* ViewManager.m */; };
		BA99E3DE199C92F3005FE1D3 /* GestureHelper.m in Sources */ = {isa = PBXBuildFile; fileRef = BA99E3DD199C92F3005FE1D3 /* GestureHelper.m */; };
		BA99E3F7199C99D7005FE1D3 /* BaseController.m in Sources */ = {isa = PBXBuildFile; fileRef = BA99E3E1199C99D7005FE1D3 /* BaseController.m */; };
		BA99E3F8199C99D7005FE1D3 /* CaculateBaseController.m in Sources */ = {isa = PBXBuildFile; fileRef = BA99E3E3199C99D7005FE1D3 /* CaculateBaseController.m */; };
		BA99E3F9199C99D7005FE1D3 /* CircleMoreController.m in Sources */ = {isa = PBXBuildFile; fileRef = BA99E3E6199C99D7005FE1D3 /* CircleMoreController.m */; };
		BA99E3FA199C99D7005FE1D3 /* HMoreController.m in Sources */ = {isa = PBXBuildFile; fileRef = BA99E3E8199C99D7005FE1D3 /* HMoreController.m */; };
		BA99E3FB199C99D7005FE1D3 /* RectangleMoreController.m in Sources */ = {isa = PBXBuildFile; fileRef = BA99E3EA199C99D7005FE1D3 /* RectangleMoreController.m */; };
		BA99E3FC199C99D7005FE1D3 /* OrderTableViewController.m in Sources */ = {isa = PBXBuildFile; fileRef = BA99E3EC199C99D7005FE1D3 /* OrderTableViewController.m */; };
		BA99E3FD199C99D7005FE1D3 /* OtherController.m in Sources */ = {isa = PBXBuildFile; fileRef = BA99E3EE199C99D7005FE1D3 /* OtherController.m */; };
		BA99E3FE199C99D7005FE1D3 /* PaintController.m in Sources */ = {isa = PBXBuildFile; fileRef = BA99E3F0199C99D7005FE1D3 /* PaintController.m */; };
		BA99E3FF199C99D7005FE1D3 /* PrintController.m in Sources */ = {isa = PBXBuildFile; fileRef = BA99E3F2199C99D7005FE1D3 /* PrintController.m */; };
		BA99E400199C99D7005FE1D3 /* ProcessingRolledSteelController.m in Sources */ = {isa = PBXBuildFile; fileRef = BA99E3F4199C99D7005FE1D3 /* ProcessingRolledSteelController.m */; };
		BA99E401199C99D7005FE1D3 /* RolledSteelController.m in Sources */ = {isa = PBXBuildFile; fileRef = BA99E3F6199C99D7005FE1D3 /* RolledSteelController.m */; };
		BA99E404199CA04F005FE1D3 /* AddOrderButton.m in Sources */ = {isa = PBXBuildFile; fileRef = BA99E403199CA04F005FE1D3 /* AddOrderButton.m */; };
		BABCA19C1994CEA700E585FB /* Test.xib in Resources */ = {isa = PBXBuildFile; fileRef = BABCA19B1994CEA700E585FB /* Test.xib */; };
		BAE0B1B6199354030041BDE2 /* Empty.xib in Resources */ = {isa = PBXBuildFile; fileRef = BAE0B1B5199354030041BDE2 /* Empty.xib */; };
		BAE0B1B819936E030041BDE2 /* 工字鋼.png in Resources */ = {isa = PBXBuildFile; fileRef = BAE0B1B719936E030041BDE2 /* 工字鋼.png */; };
/* End PBXBuildFile section */

/* Begin PBXContainerItemProxy section */
		4EE55C9919751FB20078428D /* PBXContainerItemProxy */ = {
			isa = PBXContainerItemProxy;
			containerPortal = 4EE55C6819751FB20078428D /* Project object */;
			proxyType = 1;
			remoteGlobalIDString = 4EE55C6F19751FB20078428D;
			remoteInfo = SteelStatics;
		};
/* End PBXContainerItemProxy section */

/* Begin PBXFileReference section */
		4EC462861975FA0700A57C7D /* Line_Hor@2x.png */ = {isa = PBXFileReference; lastKnownFileType = image.png; path = "Line_Hor@2x.png"; sourceTree = "<group>"; };
		4EC462871975FA0700A57C7D /* Line_Ver@2x.png */ = {isa = PBXFileReference; lastKnownFileType = image.png; path = "Line_Ver@2x.png"; sourceTree = "<group>"; };
		4EE55C7019751FB20078428D /* SteelStatics.app */ = {isa = PBXFileReference; explicitFileType = wrapper.application; includeInIndex = 0; path = SteelStatics.app; sourceTree = BUILT_PRODUCTS_DIR; };
		4EE55C7319751FB20078428D /* Foundation.framework */ = {isa = PBXFileReference; lastKnownFileType = wrapper.framework; name = Foundation.framework; path = System/Library/Frameworks/Foundation.framework; sourceTree = SDKROOT; };
		4EE55C7519751FB20078428D /* CoreGraphics.framework */ = {isa = PBXFileReference; lastKnownFileType = wrapper.framework; name = CoreGraphics.framework; path = System/Library/Frameworks/CoreGraphics.framework; sourceTree = SDKROOT; };
		4EE55C7719751FB20078428D /* UIKit.framework */ = {isa = PBXFileReference; lastKnownFileType = wrapper.framework; name = UIKit.framework; path = System/Library/Frameworks/UIKit.framework; sourceTree = SDKROOT; };
		4EE55C7B19751FB20078428D /* SteelStatics-Info.plist */ = {isa = PBXFileReference; lastKnownFileType = text.plist.xml; path = "SteelStatics-Info.plist"; sourceTree = "<group>"; };
		4EE55C7D19751FB20078428D /* en */ = {isa = PBXFileReference; lastKnownFileType = text.plist.strings; name = en; path = en.lproj/InfoPlist.strings; sourceTree = "<group>"; };
		4EE55C7F19751FB20078428D /* main.m */ = {isa = PBXFileReference; lastKnownFileType = sourcecode.c.objc; path = main.m; sourceTree = "<group>"; };
		4EE55C8119751FB20078428D /* SteelStatics-Prefix.pch */ = {isa = PBXFileReference; lastKnownFileType = sourcecode.c.h; path = "SteelStatics-Prefix.pch"; sourceTree = "<group>"; };
		4EE55C8219751FB20078428D /* AppDelegate.h */ = {isa = PBXFileReference; lastKnownFileType = sourcecode.c.h; path = AppDelegate.h; sourceTree = "<group>"; };
		4EE55C8319751FB20078428D /* AppDelegate.m */ = {isa = PBXFileReference; lastKnownFileType = sourcecode.c.objc; path = AppDelegate.m; sourceTree = "<group>"; };
		4EE55C8919751FB20078428D /* Base */ = {isa = PBXFileReference; lastKnownFileType = file.storyboard; name = Base; path = Base.lproj/Main_iPad.storyboard; sourceTree = "<group>"; };
		4EE55C8E19751FB20078428D /* Images.xcassets */ = {isa = PBXFileReference; lastKnownFileType = folder.assetcatalog; path = Images.xcassets; sourceTree = "<group>"; };
		4EE55C9419751FB20078428D /* SteelStaticsTests.xctest */ = {isa = PBXFileReference; explicitFileType = wrapper.cfbundle; includeInIndex = 0; path = SteelStaticsTests.xctest; sourceTree = BUILT_PRODUCTS_DIR; };
		4EE55C9519751FB20078428D /* XCTest.framework */ = {isa = PBXFileReference; lastKnownFileType = wrapper.framework; name = XCTest.framework; path = Library/Frameworks/XCTest.framework; sourceTree = DEVELOPER_DIR; };
		4EE55C9D19751FB20078428D /* SteelStaticsTests-Info.plist */ = {isa = PBXFileReference; lastKnownFileType = text.plist.xml; path = "SteelStaticsTests-Info.plist"; sourceTree = "<group>"; };
		4EE55C9F19751FB20078428D /* en */ = {isa = PBXFileReference; lastKnownFileType = text.plist.strings; name = en; path = en.lproj/InfoPlist.strings; sourceTree = "<group>"; };
		4EE55CA119751FB20078428D /* SteelStaticsTests.m */ = {isa = PBXFileReference; lastKnownFileType = sourcecode.c.objc; path = SteelStaticsTests.m; sourceTree = "<group>"; };
		4EE55CB61975216E0078428D /* AppInterface.h */ = {isa = PBXFileReference; lastKnownFileType = sourcecode.c.h; path = AppInterface.h; sourceTree = "<group>"; };
		5E0E29B8197A450F00B7BC87 /* AccountInformation-Details_09@2x.png */ = {isa = PBXFileReference; lastKnownFileType = image.png; path = "AccountInformation-Details_09@2x.png"; sourceTree = "<group>"; };
		5E14B9BE1977ACD600B4918D /* icon.png */ = {isa = PBXFileReference; lastKnownFileType = image.png; path = icon.png; sourceTree = "<group>"; };
		5E4119A11979F3FB008A1B2B /* 角鋼.png */ = {isa = PBXFileReference; lastKnownFileType = image.png; path = "角鋼.png"; sourceTree = "<group>"; };
		5E4119A41979F3FB008A1B2B /* 高焊H.png */ = {isa = PBXFileReference; lastKnownFileType = image.png; path = "高焊H.png"; sourceTree = "<group>"; };
		5E4119A51979F3FB008A1B2B /* 圓管.png */ = {isa = PBXFileReference; lastKnownFileType = image.png; path = "圓管.png"; sourceTree = "<group>"; };
		5E4119A61979F3FB008A1B2B /* 圓鋼.png */ = {isa = PBXFileReference; lastKnownFileType = image.png; path = "圓鋼.png"; sourceTree = "<group>"; };
		5E4119A71979F3FB008A1B2B /* 圓鋼管通用一.png */ = {isa = PBXFileReference; lastKnownFileType = image.png; path = "圓鋼管通用一.png"; sourceTree = "<group>"; };
		5E4119A81979F3FB008A1B2B /* 圓鋼管通用二.png */ = {isa = PBXFileReference; lastKnownFileType = image.png; path = "圓鋼管通用二.png"; sourceTree = "<group>"; };
		5E4119A91979F3FB008A1B2B /* 圓鋼管通用三.png */ = {isa = PBXFileReference; lastKnownFileType = image.png; path = "圓鋼管通用三.png"; sourceTree = "<group>"; };
		5E4119AA1979F3FB008A1B2B /* 槽鋼.png */ = {isa = PBXFileReference; lastKnownFileType = image.png; path = "槽鋼.png"; sourceTree = "<group>"; };
		5E4119AB1979F3FB008A1B2B /* 熱H一.png */ = {isa = PBXFileReference; lastKnownFileType = image.png; path = "熱H一.png"; sourceTree = "<group>"; };
		5E4119AC1979F3FB008A1B2B /* 熱H二.png */ = {isa = PBXFileReference; lastKnownFileType = image.png; path = "熱H二.png"; sourceTree = "<group>"; };
		5E4119AD1979F3FB008A1B2B /* C型鋼.png */ = {isa = PBXFileReference; lastKnownFileType = image.png; path = "C型鋼.png"; sourceTree = "<group>"; };
		5E4119AE1979F3FB008A1B2B /* H型鋼不對稱.png */ = {isa = PBXFileReference; lastKnownFileType = image.png; path = "H型鋼不對稱.png"; sourceTree = "<group>"; };
		5E4119AF1979F3FB008A1B2B /* H型鋼截面.png */ = {isa = PBXFileReference; lastKnownFileType = image.png; path = "H型鋼截面.png"; sourceTree = "<group>"; };
		5E4119B01979F3FB008A1B2B /* Z型鋼.png */ = {isa = PBXFileReference; lastKnownFileType = image.png; path = "Z型鋼.png"; sourceTree = "<group>"; };
		5E4119CC197A0358008A1B2B /* tif.png */ = {isa = PBXFileReference; lastKnownFileType = image.png; path = tif.png; sourceTree = "<group>"; };
		5E71DE8319930CA600CC7CF0 /* 變截面H型鋼(坡度).png */ = {isa = PBXFileReference; lastKnownFileType = image.png; path = "變截面H型鋼(坡度).png"; sourceTree = "<group>"; };
		5E71DE891993179C00CC7CF0 /* 天車.png */ = {isa = PBXFileReference; lastKnownFileType = image.png; path = "天車.png"; sourceTree = "<group>"; };
		5E71DE8F19932D3700CC7CF0 /* 鋼板.png */ = {isa = PBXFileReference; lastKnownFileType = image.png; path = "鋼板.png"; sourceTree = "<group>"; };
		5E8CCFA81988A0D800F473EB /* material_input2@2x.png */ = {isa = PBXFileReference; lastKnownFileType = image.png; path = "material_input2@2x.png"; sourceTree = "<group>"; };
		5E8CCFA91988A0D800F473EB /* material_input3@2x.png */ = {isa = PBXFileReference; lastKnownFileType = image.png; path = "material_input3@2x.png"; sourceTree = "<group>"; };
		5E8CCFAC1988A0DF00F473EB /* OutSingle_姓名栏@2x.png */ = {isa = PBXFileReference; lastKnownFileType = image.png; path = "OutSingle_姓名栏@2x.png"; sourceTree = "<group>"; };
		5E8CCFAD1988A0DF00F473EB /* Picking_通知按钮@2x.png */ = {isa = PBXFileReference; lastKnownFileType = image.png; path = "Picking_通知按钮@2x.png"; sourceTree = "<group>"; };
		5E8CCFB01988A0E200F473EB /* bg-middle.png */ = {isa = PBXFileReference; lastKnownFileType = image.png; path = "bg-middle.png"; sourceTree = "<group>"; };
		5E99B8A51978B59800960698 /* icon.png */ = {isa = PBXFileReference; lastKnownFileType = image.png; path = icon.png; sourceTree = "<group>"; };
		5E99B8A61978B59800960698 /* Line_Hor@2x.png */ = {isa = PBXFileReference; lastKnownFileType = image.png; path = "Line_Hor@2x.png"; sourceTree = "<group>"; };
		5E99B8A71978B59800960698 /* Line_Ver@2x.png */ = {isa = PBXFileReference; lastKnownFileType = image.png; path = "Line_Ver@2x.png"; sourceTree = "<group>"; };
		5EAA8DFF1980D74300E55A3D /* down_dark.png */ = {isa = PBXFileReference; lastKnownFileType = image.png; path = down_dark.png; sourceTree = "<group>"; };
		5EB4EF70197DE73D00CCAFED /* 矩形管規.png */ = {isa = PBXFileReference; lastKnownFileType = image.png; path = "矩形管規.png"; sourceTree = "<group>"; };
		5EDFF870197F3C5700A1EBFA /* 矩形管.png */ = {isa = PBXFileReference; lastKnownFileType = image.png; path = "矩形管.png"; sourceTree = "<group>"; };
		5EDFF87B197F98FC00A1EBFA /* btn_momal.png */ = {isa = PBXFileReference; lastKnownFileType = image.png; path = btn_momal.png; sourceTree = "<group>"; };
		5EFBC75D1978F075003F2839 /* blue.png */ = {isa = PBXFileReference; lastKnownFileType = image.png; path = blue.png; sourceTree = "<group>"; };
		5EFBC75E1978F075003F2839 /* green.png */ = {isa = PBXFileReference; lastKnownFileType = image.png; path = green.png; sourceTree = "<group>"; };
		5EFBC75F1978F075003F2839 /* ori.png */ = {isa = PBXFileReference; lastKnownFileType = image.png; path = ori.png; sourceTree = "<group>"; };
		5EFBC7601978F075003F2839 /* red.png */ = {isa = PBXFileReference; lastKnownFileType = image.png; path = red.png; sourceTree = "<group>"; };
		5EFBC7611978F075003F2839 /* yellow.png */ = {isa = PBXFileReference; lastKnownFileType = image.png; path = yellow.png; sourceTree = "<group>"; };
		5EFBC7691978F11D003F2839 /* CustomerDataCard_07@2x.png */ = {isa = PBXFileReference; lastKnownFileType = image.png; path = "CustomerDataCard_07@2x.png"; sourceTree = "<group>"; };
		5EFBC76A1978F11D003F2839 /* EmployeeDataSheet_21@2x.png */ = {isa = PBXFileReference; lastKnownFileType = image.png; path = "EmployeeDataSheet_21@2x.png"; sourceTree = "<group>"; };
		5EFBC76B1978F11D003F2839 /* EmployeeDataSheet_24@2x.png */ = {isa = PBXFileReference; lastKnownFileType = image.png; path = "EmployeeDataSheet_24@2x.png"; sourceTree = "<group>"; };
		BA15E2251996035800DC1E22 /* _Frame.h */ = {isa = PBXFileReference; fileEncoding = 4; lastKnownFileType = sourcecode.c.h; path = _Frame.h; sourceTree = "<group>"; };
		BA15E2261996035800DC1E22 /* FrameHelper.h */ = {isa = PBXFileReference; fileEncoding = 4; lastKnownFileType = sourcecode.c.h; path = FrameHelper.h; sourceTree = "<group>"; };
		BA15E2271996035800DC1E22 /* FrameHelper.m */ = {isa = PBXFileReference; fileEncoding = 4; lastKnownFileType = sourcecode.c.objc; path = FrameHelper.m; sourceTree = "<group>"; };
		BA15E2281996035800DC1E22 /* FrameTranslater.h */ = {isa = PBXFileReference; fileEncoding = 4; lastKnownFileType = sourcecode.c.h; path = FrameTranslater.h; sourceTree = "<group>"; };
		BA15E2291996035800DC1E22 /* FrameTranslater.m */ = {isa = PBXFileReference; fileEncoding = 4; lastKnownFileType = sourcecode.c.objc; path = FrameTranslater.m; sourceTree = "<group>"; };
		BA15E22A1996035800DC1E22 /* UIView+Frame.h */ = {isa = PBXFileReference; fileEncoding = 4; lastKnownFileType = sourcecode.c.h; path = "UIView+Frame.h"; sourceTree = "<group>"; };
		BA15E22B1996035800DC1E22 /* UIView+Frame.m */ = {isa = PBXFileReference; fileEncoding = 4; lastKnownFileType = sourcecode.c.objc; path = "UIView+Frame.m"; sourceTree = "<group>"; };
		BA15E22F199603A600DC1E22 /* RectHelper.h */ = {isa = PBXFileReference; fileEncoding = 4; lastKnownFileType = sourcecode.c.h; name = RectHelper.h; path = ../../../Modules/Helper/ViewHelper/RectHelper.h; sourceTree = "<group>"; };
		BA15E230199603A600DC1E22 /* RectHelper.m */ = {isa = PBXFileReference; fileEncoding = 4; lastKnownFileType = sourcecode.c.objc; name = RectHelper.m; path = ../../../Modules/Helper/ViewHelper/RectHelper.m; sourceTree = "<group>"; };
		BA15E2351996053000DC1E22 /* NSArray+Additions.h */ = {isa = PBXFileReference; fileEncoding = 4; lastKnownFileType = sourcecode.c.h; name = "NSArray+Additions.h"; path = "../../../Modules/Helper/NSCategories/NSArray+Additions.h"; sourceTree = "<group>"; };
		BA15E2361996053000DC1E22 /* NSArray+Additions.m */ = {isa = PBXFileReference; fileEncoding = 4; lastKnownFileType = sourcecode.c.objc; name = "NSArray+Additions.m"; path = "../../../Modules/Helper/NSCategories/NSArray+Additions.m"; sourceTree = "<group>"; };
		BA15E2381996153F00DC1E22 /* ColorHelper.h */ = {isa = PBXFileReference; fileEncoding = 4; lastKnownFileType = sourcecode.c.h; name = ColorHelper.h; path = ../../../Modules/Helper/ViewHelper/ColorHelper.h; sourceTree = "<group>"; };
		BA15E2391996153F00DC1E22 /* ColorHelper.m */ = {isa = PBXFileReference; fileEncoding = 4; lastKnownFileType = sourcecode.c.objc; name = ColorHelper.m; path = ../../../Modules/Helper/ViewHelper/ColorHelper.m; sourceTree = "<group>"; };
		BA15E23B1996155400DC1E22 /* UIColor+FlatColors.h */ = {isa = PBXFileReference; fileEncoding = 4; lastKnownFileType = sourcecode.c.h; name = "UIColor+FlatColors.h"; path = "../../../Modules/View/Color/UIColor+FlatColors.h"; sourceTree = "<group>"; };
		BA15E23C1996155400DC1E22 /* UIColor+FlatColors.m */ = {isa = PBXFileReference; fileEncoding = 4; lastKnownFileType = sourcecode.c.objc; name = "UIColor+FlatColors.m"; path = "../../../Modules/View/Color/UIColor+FlatColors.m"; sourceTree = "<group>"; };
		BA15E23E19961A5B00DC1E22 /* UILabel+AdjustWidth.h */ = {isa = PBXFileReference; fileEncoding = 4; lastKnownFileType = sourcecode.c.h; name = "UILabel+AdjustWidth.h"; path = "../../../Modules/View/Components/Label/UILabel+AdjustWidth.h"; sourceTree = "<group>"; };
		BA15E23F19961A5B00DC1E22 /* UILabel+AdjustWidth.m */ = {isa = PBXFileReference; fileEncoding = 4; lastKnownFileType = sourcecode.c.objc; name = "UILabel+AdjustWidth.m"; path = "../../../Modules/View/Components/Label/UILabel+AdjustWidth.m"; sourceTree = "<group>"; };
		BA391DDB199B492300E5B724 /* EmployeeDataSheet_32@2x.png */ = {isa = PBXFileReference; lastKnownFileType = image.png; path = "EmployeeDataSheet_32@2x.png"; sourceTree = "<group>"; };
		BA391DE1199B513B00E5B724 /* Values1.json */ = {isa = PBXFileReference; fileEncoding = 4; lastKnownFileType = text.json; path = Values1.json; sourceTree = "<group>"; };
		BA391DE3199B602600E5B724 /* Values2.json */ = {isa = PBXFileReference; fileEncoding = 4; lastKnownFileType = text.json; path = Values2.json; sourceTree = "<group>"; };
		BA99E390199C85BA005FE1D3 /* IQKeyboardManager.h */ = {isa = PBXFileReference; fileEncoding = 4; lastKnownFileType = sourcecode.c.h; path = IQKeyboardManager.h; sourceTree = "<group>"; };
		BA99E391199C85BA005FE1D3 /* IQKeyboardManager.m */ = {isa = PBXFileReference; fileEncoding = 4; lastKnownFileType = sourcecode.c.objc; path = IQKeyboardManager.m; sourceTree = "<group>"; };
		BA99E392199C85BA005FE1D3 /* SSNumberHelper.h */ = {isa = PBXFileReference; fileEncoding = 4; lastKnownFileType = sourcecode.c.h; path = SSNumberHelper.h; sourceTree = "<group>"; };
		BA99E393199C85BA005FE1D3 /* SSNumberHelper.m */ = {isa = PBXFileReference; fileEncoding = 4; lastKnownFileType = sourcecode.c.objc; path = SSNumberHelper.m; sourceTree = "<group>"; };
		BA99E394199C85BA005FE1D3 /* SSViewHelper.h */ = {isa = PBXFileReference; fileEncoding = 4; lastKnownFileType = sourcecode.c.h; path = SSViewHelper.h; sourceTree = "<group>"; };
		BA99E395199C85BA005FE1D3 /* SSViewHelper.m */ = {isa = PBXFileReference; fileEncoding = 4; lastKnownFileType = sourcecode.c.objc; path = SSViewHelper.m; sourceTree = "<group>"; };
		BA99E398199C85BA005FE1D3 /* AppScrollView.h */ = {isa = PBXFileReference; fileEncoding = 4; lastKnownFileType = sourcecode.c.h; path = AppScrollView.h; sourceTree = "<group>"; };
		BA99E399199C85BA005FE1D3 /* AppScrollView.m */ = {isa = PBXFileReference; fileEncoding = 4; lastKnownFileType = sourcecode.c.objc; path = AppScrollView.m; sourceTree = "<group>"; };
		BA99E39A199C85BA005FE1D3 /* BaseButton.h */ = {isa = PBXFileReference; fileEncoding = 4; lastKnownFileType = sourcecode.c.h; path = BaseButton.h; sourceTree = "<group>"; };
		BA99E39B199C85BA005FE1D3 /* BaseButton.m */ = {isa = PBXFileReference; fileEncoding = 4; lastKnownFileType = sourcecode.c.objc; path = BaseButton.m; sourceTree = "<group>"; };
		BA99E39C199C85BA005FE1D3 /* BaseTextField.h */ = {isa = PBXFileReference; fileEncoding = 4; lastKnownFileType = sourcecode.c.h; path = BaseTextField.h; sourceTree = "<group>"; };
		BA99E39D199C85BA005FE1D3 /* BaseTextField.m */ = {isa = PBXFileReference; fileEncoding = 4; lastKnownFileType = sourcecode.c.objc; path = BaseTextField.m; sourceTree = "<group>"; };
		BA99E39E199C85BA005FE1D3 /* CaculateTextField.h */ = {isa = PBXFileReference; fileEncoding = 4; lastKnownFileType = sourcecode.c.h; path = CaculateTextField.h; sourceTree = "<group>"; };
		BA99E39F199C85BA005FE1D3 /* CaculateTextField.m */ = {isa = PBXFileReference; fileEncoding = 4; lastKnownFileType = sourcecode.c.objc; path = CaculateTextField.m; sourceTree = "<group>"; };
		BA99E3A0199C85BA005FE1D3 /* DropDown1.h */ = {isa = PBXFileReference; fileEncoding = 4; lastKnownFileType = sourcecode.c.h; path = DropDown1.h; sourceTree = "<group>"; };
		BA99E3A1199C85BA005FE1D3 /* DropDown1.m */ = {isa = PBXFileReference; fileEncoding = 4; lastKnownFileType = sourcecode.c.objc; path = DropDown1.m; sourceTree = "<group>"; };
		BA99E3A2199C85BA005FE1D3 /* OrderTableViewCell.h */ = {isa = PBXFileReference; fileEncoding = 4; lastKnownFileType = sourcecode.c.h; path = OrderTableViewCell.h; sourceTree = "<group>"; };
		BA99E3A3199C85BA005FE1D3 /* OrderTableViewCell.m */ = {isa = PBXFileReference; fileEncoding = 4; lastKnownFileType = sourcecode.c.objc; path = OrderTableViewCell.m; sourceTree = "<group>"; };
		BA99E3A5199C85BA005FE1D3 /* AppNavController.h */ = {isa = PBXFileReference; fileEncoding = 4; lastKnownFileType = sourcecode.c.h; path = AppNavController.h; sourceTree = "<group>"; };
		BA99E3A6199C85BA005FE1D3 /* AppNavController.m */ = {isa = PBXFileReference; fileEncoding = 4; lastKnownFileType = sourcecode.c.objc; path = AppNavController.m; sourceTree = "<group>"; };
		BA99E3A7199C85BA005FE1D3 /* AppTabBarController.h */ = {isa = PBXFileReference; fileEncoding = 4; lastKnownFileType = sourcecode.c.h; path = AppTabBarController.h; sourceTree = "<group>"; };
		BA99E3A8199C85BA005FE1D3 /* AppTabBarController.m */ = {isa = PBXFileReference; fileEncoding = 4; lastKnownFileType = sourcecode.c.objc; path = AppTabBarController.m; sourceTree = "<group>"; };
		BA99E3C0199C85BA005FE1D3 /* ViewManager.h */ = {isa = PBXFileReference; fileEncoding = 4; lastKnownFileType = sourcecode.c.h; path = ViewManager.h; sourceTree = "<group>"; };
		BA99E3C1199C85BA005FE1D3 /* ViewManager.m */ = {isa = PBXFileReference; fileEncoding = 4; lastKnownFileType = sourcecode.c.objc; path = ViewManager.m; sourceTree = "<group>"; };
		BA99E3DC199C92F3005FE1D3 /* GestureHelper.h */ = {isa = PBXFileReference; fileEncoding = 4; lastKnownFileType = sourcecode.c.h; path = GestureHelper.h; sourceTree = "<group>"; };
		BA99E3DD199C92F3005FE1D3 /* GestureHelper.m */ = {isa = PBXFileReference; fileEncoding = 4; lastKnownFileType = sourcecode.c.objc; path = GestureHelper.m; sourceTree = "<group>"; };
		BA99E3E0199C99D7005FE1D3 /* BaseController.h */ = {isa = PBXFileReference; fileEncoding = 4; lastKnownFileType = sourcecode.c.h; path = BaseController.h; sourceTree = "<group>"; };
		BA99E3E1199C99D7005FE1D3 /* BaseController.m */ = {isa = PBXFileReference; fileEncoding = 4; lastKnownFileType = sourcecode.c.objc; path = BaseController.m; sourceTree = "<group>"; };
		BA99E3E2199C99D7005FE1D3 /* CaculateBaseController.h */ = {isa = PBXFileReference; fileEncoding = 4; lastKnownFileType = sourcecode.c.h; path = CaculateBaseController.h; sourceTree = "<group>"; };
		BA99E3E3199C99D7005FE1D3 /* CaculateBaseController.m */ = {isa = PBXFileReference; fileEncoding = 4; lastKnownFileType = sourcecode.c.objc; path = CaculateBaseController.m; sourceTree = "<group>"; };
		BA99E3E5199C99D7005FE1D3 /* CircleMoreController.h */ = {isa = PBXFileReference; fileEncoding = 4; lastKnownFileType = sourcecode.c.h; path = CircleMoreController.h; sourceTree = "<group>"; };
		BA99E3E6199C99D7005FE1D3 /* CircleMoreController.m */ = {isa = PBXFileReference; fileEncoding = 4; lastKnownFileType = sourcecode.c.objc; path = CircleMoreController.m; sourceTree = "<group>"; };
		BA99E3E7199C99D7005FE1D3 /* HMoreController.h */ = {isa = PBXFileReference; fileEncoding = 4; lastKnownFileType = sourcecode.c.h; path = HMoreController.h; sourceTree = "<group>"; };
		BA99E3E8199C99D7005FE1D3 /* HMoreController.m */ = {isa = PBXFileReference; fileEncoding = 4; lastKnownFileType = sourcecode.c.objc; path = HMoreController.m; sourceTree = "<group>"; };
		BA99E3E9199C99D7005FE1D3 /* RectangleMoreController.h */ = {isa = PBXFileReference; fileEncoding = 4; lastKnownFileType = sourcecode.c.h; path = RectangleMoreController.h; sourceTree = "<group>"; };
		BA99E3EA199C99D7005FE1D3 /* RectangleMoreController.m */ = {isa = PBXFileReference; fileEncoding = 4; lastKnownFileType = sourcecode.c.objc; path = RectangleMoreController.m; sourceTree = "<group>"; };
		BA99E3EB199C99D7005FE1D3 /* OrderTableViewController.h */ = {isa = PBXFileReference; fileEncoding = 4; lastKnownFileType = sourcecode.c.h; path = OrderTableViewController.h; sourceTree = "<group>"; };
		BA99E3EC199C99D7005FE1D3 /* OrderTableViewController.m */ = {isa = PBXFileReference; fileEncoding = 4; lastKnownFileType = sourcecode.c.objc; path = OrderTableViewController.m; sourceTree = "<group>"; };
		BA99E3ED199C99D7005FE1D3 /* OtherController.h */ = {isa = PBXFileReference; fileEncoding = 4; lastKnownFileType = sourcecode.c.h; path = OtherController.h; sourceTree = "<group>"; };
		BA99E3EE199C99D7005FE1D3 /* OtherController.m */ = {isa = PBXFileReference; fileEncoding = 4; lastKnownFileType = sourcecode.c.objc; path = OtherController.m; sourceTree = "<group>"; };
		BA99E3EF199C99D7005FE1D3 /* PaintController.h */ = {isa = PBXFileReference; fileEncoding = 4; lastKnownFileType = sourcecode.c.h; path = PaintController.h; sourceTree = "<group>"; };
		BA99E3F0199C99D7005FE1D3 /* PaintController.m */ = {isa = PBXFileReference; fileEncoding = 4; lastKnownFileType = sourcecode.c.objc; path = PaintController.m; sourceTree = "<group>"; };
		BA99E3F1199C99D7005FE1D3 /* PrintController.h */ = {isa = PBXFileReference; fileEncoding = 4; lastKnownFileType = sourcecode.c.h; path = PrintController.h; sourceTree = "<group>"; };
		BA99E3F2199C99D7005FE1D3 /* PrintController.m */ = {isa = PBXFileReference; fileEncoding = 4; lastKnownFileType = sourcecode.c.objc; path = PrintController.m; sourceTree = "<group>"; };
		BA99E3F3199C99D7005FE1D3 /* ProcessingRolledSteelController.h */ = {isa = PBXFileReference; fileEncoding = 4; lastKnownFileType = sourcecode.c.h; path = ProcessingRolledSteelController.h; sourceTree = "<group>"; };
		BA99E3F4199C99D7005FE1D3 /* ProcessingRolledSteelController.m */ = {isa = PBXFileReference; fileEncoding = 4; lastKnownFileType = sourcecode.c.objc; path = ProcessingRolledSteelController.m; sourceTree = "<group>"; };
		BA99E3F5199C99D7005FE1D3 /* RolledSteelController.h */ = {isa = PBXFileReference; fileEncoding = 4; lastKnownFileType = sourcecode.c.h; path = RolledSteelController.h; sourceTree = "<group>"; };
		BA99E3F6199C99D7005FE1D3 /* RolledSteelController.m */ = {isa = PBXFileReference; fileEncoding = 4; lastKnownFileType = sourcecode.c.objc; path = RolledSteelController.m; sourceTree = "<group>"; };
		BA99E402199CA04F005FE1D3 /* AddOrderButton.h */ = {isa = PBXFileReference; fileEncoding = 4; lastKnownFileType = sourcecode.c.h; path = AddOrderButton.h; sourceTree = "<group>"; };
		BA99E403199CA04F005FE1D3 /* AddOrderButton.m */ = {isa = PBXFileReference; fileEncoding = 4; lastKnownFileType = sourcecode.c.objc; path = AddOrderButton.m; sourceTree = "<group>"; };
		BABCA19B1994CEA700E585FB /* Test.xib */ = {isa = PBXFileReference; fileEncoding = 4; lastKnownFileType = file.xib; path = Test.xib; sourceTree = "<group>"; };
		BAE0B1B5199354030041BDE2 /* Empty.xib */ = {isa = PBXFileReference; fileEncoding = 4; lastKnownFileType = file.xib; path = Empty.xib; sourceTree = "<group>"; };
		BAE0B1B719936E030041BDE2 /* 工字鋼.png */ = {isa = PBXFileReference; lastKnownFileType = image.png; path = "工字鋼.png"; sourceTree = "<group>"; };
/* End PBXFileReference section */

/* Begin PBXFrameworksBuildPhase section */
		4EE55C6D19751FB20078428D /* Frameworks */ = {
			isa = PBXFrameworksBuildPhase;
			buildActionMask = 2147483647;
			files = (
				4EE55C7619751FB20078428D /* CoreGraphics.framework in Frameworks */,
				4EE55C7819751FB20078428D /* UIKit.framework in Frameworks */,
				4EE55C7419751FB20078428D /* Foundation.framework in Frameworks */,
			);
			runOnlyForDeploymentPostprocessing = 0;
		};
		4EE55C9119751FB20078428D /* Frameworks */ = {
			isa = PBXFrameworksBuildPhase;
			buildActionMask = 2147483647;
			files = (
				4EE55C9619751FB20078428D /* XCTest.framework in Frameworks */,
				4EE55C9819751FB20078428D /* UIKit.framework in Frameworks */,
				4EE55C9719751FB20078428D /* Foundation.framework in Frameworks */,
			);
			runOnlyForDeploymentPostprocessing = 0;
		};
/* End PBXFrameworksBuildPhase section */

/* Begin PBXGroup section */
		4EE55C6719751FB20078428D = {
			isa = PBXGroup;
			children = (
				4EE55C7919751FB20078428D /* SteelStatics */,
				4EE55C9B19751FB20078428D /* SteelStaticsTests */,
				4EE55C7219751FB20078428D /* Frameworks */,
				4EE55C7119751FB20078428D /* Products */,
			);
			sourceTree = "<group>";
		};
		4EE55C7119751FB20078428D /* Products */ = {
			isa = PBXGroup;
			children = (
				4EE55C7019751FB20078428D /* SteelStatics.app */,
				4EE55C9419751FB20078428D /* SteelStaticsTests.xctest */,
			);
			name = Products;
			sourceTree = "<group>";
		};
		4EE55C7219751FB20078428D /* Frameworks */ = {
			isa = PBXGroup;
			children = (
				4EE55C7319751FB20078428D /* Foundation.framework */,
				4EE55C7519751FB20078428D /* CoreGraphics.framework */,
				4EE55C7719751FB20078428D /* UIKit.framework */,
				4EE55C9519751FB20078428D /* XCTest.framework */,
			);
			name = Frameworks;
			sourceTree = "<group>";
		};
		4EE55C7919751FB20078428D /* SteelStatics */ = {
			isa = PBXGroup;
			children = (
				BA15E2231996034800DC1E22 /* Modules */,
				4EE55CAD197520310078428D /* Resources */,
				4EE55CAB197520180078428D /* Classes */,
				4EE55C8219751FB20078428D /* AppDelegate.h */,
				4EE55C8319751FB20078428D /* AppDelegate.m */,
				4EE55CB61975216E0078428D /* AppInterface.h */,
				4EE55C8819751FB20078428D /* Main_iPad.storyboard */,
				4EE55C8E19751FB20078428D /* Images.xcassets */,
				4EE55C7A19751FB20078428D /* Supporting Files */,
			);
			path = SteelStatics;
			sourceTree = "<group>";
		};
		4EE55C7A19751FB20078428D /* Supporting Files */ = {
			isa = PBXGroup;
			children = (
				4EE55C7B19751FB20078428D /* SteelStatics-Info.plist */,
				4EE55C7C19751FB20078428D /* InfoPlist.strings */,
				4EE55C7F19751FB20078428D /* main.m */,
				4EE55C8119751FB20078428D /* SteelStatics-Prefix.pch */,
			);
			name = "Supporting Files";
			sourceTree = "<group>";
		};
		4EE55C9B19751FB20078428D /* SteelStaticsTests */ = {
			isa = PBXGroup;
			children = (
				4EE55CA119751FB20078428D /* SteelStaticsTests.m */,
				4EE55C9C19751FB20078428D /* Supporting Files */,
			);
			path = SteelStaticsTests;
			sourceTree = "<group>";
		};
		4EE55C9C19751FB20078428D /* Supporting Files */ = {
			isa = PBXGroup;
			children = (
				4EE55C9D19751FB20078428D /* SteelStaticsTests-Info.plist */,
				4EE55C9E19751FB20078428D /* InfoPlist.strings */,
			);
			name = "Supporting Files";
			sourceTree = "<group>";
		};
		4EE55CAB197520180078428D /* Classes */ = {
			isa = PBXGroup;
			children = (
				BA99E38F199C85BA005FE1D3 /* Helper */,
				BA99E396199C85BA005FE1D3 /* View */,
			);
			path = Classes;
			sourceTree = "<group>";
		};
		4EE55CAD197520310078428D /* Resources */ = {
			isa = PBXGroup;
			children = (
				BA391DE0199B512D00E5B724 /* Json */,
				BAE0B1B4199353E50041BDE2 /* InterfaceBuilder */,
				4EE55CAE197520310078428D /* Images */,
			);
			path = Resources;
			sourceTree = "<group>";
		};
		4EE55CAE197520310078428D /* Images */ = {
			isa = PBXGroup;
			children = (
				5EAA8DFF1980D74300E55A3D /* down_dark.png */,
				5E4119A11979F3FB008A1B2B /* 角鋼.png */,
				BAE0B1B719936E030041BDE2 /* 工字鋼.png */,
				5EDFF870197F3C5700A1EBFA /* 矩形管.png */,
				5E71DE891993179C00CC7CF0 /* 天車.png */,
				5E71DE8F19932D3700CC7CF0 /* 鋼板.png */,
				5EB4EF70197DE73D00CCAFED /* 矩形管規.png */,
				5E4119A41979F3FB008A1B2B /* 高焊H.png */,
				5EDFF87B197F98FC00A1EBFA /* btn_momal.png */,
				5E0E29B8197A450F00B7BC87 /* AccountInformation-Details_09@2x.png */,
				5E4119A51979F3FB008A1B2B /* 圓管.png */,
				5E4119A61979F3FB008A1B2B /* 圓鋼.png */,
				5E4119CC197A0358008A1B2B /* tif.png */,
				5E4119A71979F3FB008A1B2B /* 圓鋼管通用一.png */,
				5E4119A81979F3FB008A1B2B /* 圓鋼管通用二.png */,
				5E4119A91979F3FB008A1B2B /* 圓鋼管通用三.png */,
				5E4119AA1979F3FB008A1B2B /* 槽鋼.png */,
				5E71DE8319930CA600CC7CF0 /* 變截面H型鋼(坡度).png */,
				5E4119AB1979F3FB008A1B2B /* 熱H一.png */,
				5E4119AC1979F3FB008A1B2B /* 熱H二.png */,
				5E4119AD1979F3FB008A1B2B /* C型鋼.png */,
				5E4119AE1979F3FB008A1B2B /* H型鋼不對稱.png */,
				5E4119AF1979F3FB008A1B2B /* H型鋼截面.png */,
				5E4119B01979F3FB008A1B2B /* Z型鋼.png */,
				5EFBC7691978F11D003F2839 /* CustomerDataCard_07@2x.png */,
				5E8CCFB01988A0E200F473EB /* bg-middle.png */,
				5EFBC76A1978F11D003F2839 /* EmployeeDataSheet_21@2x.png */,
				5E8CCFAC1988A0DF00F473EB /* OutSingle_姓名栏@2x.png */,
				5E8CCFAD1988A0DF00F473EB /* Picking_通知按钮@2x.png */,
				5EFBC76B1978F11D003F2839 /* EmployeeDataSheet_24@2x.png */,
				5EFBC75D1978F075003F2839 /* blue.png */,
				5E8CCFA81988A0D800F473EB /* material_input2@2x.png */,
				5E8CCFA91988A0D800F473EB /* material_input3@2x.png */,
				5EFBC75E1978F075003F2839 /* green.png */,
				5EFBC75F1978F075003F2839 /* ori.png */,
				5EFBC7601978F075003F2839 /* red.png */,
				5EFBC7611978F075003F2839 /* yellow.png */,
				5E14B9BE1977ACD600B4918D /* icon.png */,
				4EC462861975FA0700A57C7D /* Line_Hor@2x.png */,
				5E99B8A51978B59800960698 /* icon.png */,
				5E99B8A61978B59800960698 /* Line_Hor@2x.png */,
				BA391DDB199B492300E5B724 /* EmployeeDataSheet_32@2x.png */,
				5E99B8A71978B59800960698 /* Line_Ver@2x.png */,
				4EC462871975FA0700A57C7D /* Line_Ver@2x.png */,
			);
			path = Images;
			sourceTree = "<group>";
		};
		BA15E2231996034800DC1E22 /* Modules */ = {
			isa = PBXGroup;
			children = (
				BA15E23E19961A5B00DC1E22 /* UILabel+AdjustWidth.h */,
				BA15E23F19961A5B00DC1E22 /* UILabel+AdjustWidth.m */,
				BA15E23B1996155400DC1E22 /* UIColor+FlatColors.h */,
				BA15E23C1996155400DC1E22 /* UIColor+FlatColors.m */,
				BA15E2381996153F00DC1E22 /* ColorHelper.h */,
				BA15E2391996153F00DC1E22 /* ColorHelper.m */,
				BA15E2351996053000DC1E22 /* NSArray+Additions.h */,
				BA15E2361996053000DC1E22 /* NSArray+Additions.m */,
				BA15E22F199603A600DC1E22 /* RectHelper.h */,
				BA15E230199603A600DC1E22 /* RectHelper.m */,
				BA15E2241996035800DC1E22 /* Frame */,
			);
			path = Modules;
			sourceTree = "<group>";
		};
		BA15E2241996035800DC1E22 /* Frame */ = {
			isa = PBXGroup;
			children = (
				BA15E2251996035800DC1E22 /* _Frame.h */,
				BA15E2261996035800DC1E22 /* FrameHelper.h */,
				BA15E2271996035800DC1E22 /* FrameHelper.m */,
				BA15E2281996035800DC1E22 /* FrameTranslater.h */,
				BA15E2291996035800DC1E22 /* FrameTranslater.m */,
				BA15E22A1996035800DC1E22 /* UIView+Frame.h */,
				BA15E22B1996035800DC1E22 /* UIView+Frame.m */,
			);
			name = Frame;
			path = ../../../Modules/View/Frame;
			sourceTree = "<group>";
		};
		BA391DE0199B512D00E5B724 /* Json */ = {
			isa = PBXGroup;
			children = (
				BA391DE1199B513B00E5B724 /* Values1.json */,
				BA391DE3199B602600E5B724 /* Values2.json */,
			);
			path = Json;
			sourceTree = "<group>";
		};
		BA99E38F199C85BA005FE1D3 /* Helper */ = {
			isa = PBXGroup;
			children = (
				BA99E390199C85BA005FE1D3 /* IQKeyboardManager.h */,
				BA99E391199C85BA005FE1D3 /* IQKeyboardManager.m */,
				BA99E392199C85BA005FE1D3 /* SSNumberHelper.h */,
				BA99E393199C85BA005FE1D3 /* SSNumberHelper.m */,
				BA99E394199C85BA005FE1D3 /* SSViewHelper.h */,
				BA99E395199C85BA005FE1D3 /* SSViewHelper.m */,
				BA99E3DC199C92F3005FE1D3 /* GestureHelper.h */,
				BA99E3DD199C92F3005FE1D3 /* GestureHelper.m */,
			);
			path = Helper;
			sourceTree = "<group>";
		};
		BA99E396199C85BA005FE1D3 /* View */ = {
			isa = PBXGroup;
			children = (
				BA99E397199C85BA005FE1D3 /* Components */,
				BA99E3A4199C85BA005FE1D3 /* Controllers */,
				BA99E3C0199C85BA005FE1D3 /* ViewManager.h */,
				BA99E3C1199C85BA005FE1D3 /* ViewManager.m */,
			);
			path = View;
			sourceTree = "<group>";
		};
		BA99E397199C85BA005FE1D3 /* Components */ = {
			isa = PBXGroup;
			children = (
				BA99E398199C85BA005FE1D3 /* AppScrollView.h */,
				BA99E399199C85BA005FE1D3 /* AppScrollView.m */,
				BA99E39A199C85BA005FE1D3 /* BaseButton.h */,
				BA99E39B199C85BA005FE1D3 /* BaseButton.m */,
				BA99E39C199C85BA005FE1D3 /* BaseTextField.h */,
				BA99E39D199C85BA005FE1D3 /* BaseTextField.m */,
				BA99E39E199C85BA005FE1D3 /* CaculateTextField.h */,
				BA99E39F199C85BA005FE1D3 /* CaculateTextField.m */,
				BA99E3A0199C85BA005FE1D3 /* DropDown1.h */,
				BA99E3A1199C85BA005FE1D3 /* DropDown1.m */,
				BA99E3A2199C85BA005FE1D3 /* OrderTableViewCell.h */,
				BA99E3A3199C85BA005FE1D3 /* OrderTableViewCell.m */,
				BA99E402199CA04F005FE1D3 /* AddOrderButton.h */,
				BA99E403199CA04F005FE1D3 /* AddOrderButton.m */,
			);
			path = Components;
			sourceTree = "<group>";
		};
		BA99E3A4199C85BA005FE1D3 /* Controllers */ = {
			isa = PBXGroup;
			children = (
				BA99E3DF199C99D7005FE1D3 /* HomeControllers */,
				BA99E3A5199C85BA005FE1D3 /* AppNavController.h */,
				BA99E3A6199C85BA005FE1D3 /* AppNavController.m */,
				BA99E3A7199C85BA005FE1D3 /* AppTabBarController.h */,
				BA99E3A8199C85BA005FE1D3 /* AppTabBarController.m */,
			);
			path = Controllers;
			sourceTree = "<group>";
		};
		BA99E3DF199C99D7005FE1D3 /* HomeControllers */ = {
			isa = PBXGroup;
			children = (
				BA99E3E0199C99D7005FE1D3 /* BaseController.h */,
				BA99E3E1199C99D7005FE1D3 /* BaseController.m */,
				BA99E3E2199C99D7005FE1D3 /* CaculateBaseController.h */,
				BA99E3E3199C99D7005FE1D3 /* CaculateBaseController.m */,
				BA99E3E4199C99D7005FE1D3 /* DetailControllers */,
				BA99E3EB199C99D7005FE1D3 /* OrderTableViewController.h */,
				BA99E3EC199C99D7005FE1D3 /* OrderTableViewController.m */,
				BA99E3ED199C99D7005FE1D3 /* OtherController.h */,
				BA99E3EE199C99D7005FE1D3 /* OtherController.m */,
				BA99E3EF199C99D7005FE1D3 /* PaintController.h */,
				BA99E3F0199C99D7005FE1D3 /* PaintController.m */,
				BA99E3F1199C99D7005FE1D3 /* PrintController.h */,
				BA99E3F2199C99D7005FE1D3 /* PrintController.m */,
				BA99E3F3199C99D7005FE1D3 /* ProcessingRolledSteelController.h */,
				BA99E3F4199C99D7005FE1D3 /* ProcessingRolledSteelController.m */,
				BA99E3F5199C99D7005FE1D3 /* RolledSteelController.h */,
				BA99E3F6199C99D7005FE1D3 /* RolledSteelController.m */,
			);
			path = HomeControllers;
			sourceTree = "<group>";
		};
		BA99E3E4199C99D7005FE1D3 /* DetailControllers */ = {
			isa = PBXGroup;
			children = (
				BA99E3E5199C99D7005FE1D3 /* CircleMoreController.h */,
				BA99E3E6199C99D7005FE1D3 /* CircleMoreController.m */,
				BA99E3E7199C99D7005FE1D3 /* HMoreController.h */,
				BA99E3E8199C99D7005FE1D3 /* HMoreController.m */,
				BA99E3E9199C99D7005FE1D3 /* RectangleMoreController.h */,
				BA99E3EA199C99D7005FE1D3 /* RectangleMoreController.m */,
			);
			path = DetailControllers;
			sourceTree = "<group>";
		};
		BAE0B1B4199353E50041BDE2 /* InterfaceBuilder */ = {
			isa = PBXGroup;
			children = (
				BAE0B1B5199354030041BDE2 /* Empty.xib */,
				BABCA19B1994CEA700E585FB /* Test.xib */,
			);
			path = InterfaceBuilder;
			sourceTree = "<group>";
		};
/* End PBXGroup section */

/* Begin PBXNativeTarget section */
		4EE55C6F19751FB20078428D /* SteelStatics */ = {
			isa = PBXNativeTarget;
			buildConfigurationList = 4EE55CA519751FB20078428D /* Build configuration list for PBXNativeTarget "SteelStatics" */;
			buildPhases = (
				4EE55C6C19751FB20078428D /* Sources */,
				4EE55C6D19751FB20078428D /* Frameworks */,
				4EE55C6E19751FB20078428D /* Resources */,
			);
			buildRules = (
			);
			dependencies = (
			);
			name = SteelStatics;
			productName = SteelStatics;
			productReference = 4EE55C7019751FB20078428D /* SteelStatics.app */;
			productType = "com.apple.product-type.application";
		};
		4EE55C9319751FB20078428D /* SteelStaticsTests */ = {
			isa = PBXNativeTarget;
			buildConfigurationList = 4EE55CA819751FB20078428D /* Build configuration list for PBXNativeTarget "SteelStaticsTests" */;
			buildPhases = (
				4EE55C9019751FB20078428D /* Sources */,
				4EE55C9119751FB20078428D /* Frameworks */,
				4EE55C9219751FB20078428D /* Resources */,
			);
			buildRules = (
			);
			dependencies = (
				4EE55C9A19751FB20078428D /* PBXTargetDependency */,
			);
			name = SteelStaticsTests;
			productName = SteelStaticsTests;
			productReference = 4EE55C9419751FB20078428D /* SteelStaticsTests.xctest */;
			productType = "com.apple.product-type.bundle.unit-test";
		};
/* End PBXNativeTarget section */

/* Begin PBXProject section */
		4EE55C6819751FB20078428D /* Project object */ = {
			isa = PBXProject;
			attributes = {
				LastUpgradeCheck = 0510;
				ORGANIZATIONNAME = isaacs;
				TargetAttributes = {
					4EE55C9319751FB20078428D = {
						TestTargetID = 4EE55C6F19751FB20078428D;
					};
				};
			};
			buildConfigurationList = 4EE55C6B19751FB20078428D /* Build configuration list for PBXProject "SteelStatics" */;
			compatibilityVersion = "Xcode 3.2";
			developmentRegion = English;
			hasScannedForEncodings = 0;
			knownRegions = (
				en,
				Base,
			);
			mainGroup = 4EE55C6719751FB20078428D;
			productRefGroup = 4EE55C7119751FB20078428D /* Products */;
			projectDirPath = "";
			projectRoot = "";
			targets = (
				4EE55C6F19751FB20078428D /* SteelStatics */,
				4EE55C9319751FB20078428D /* SteelStaticsTests */,
			);
		};
/* End PBXProject section */

/* Begin PBXResourcesBuildPhase section */
		4EE55C6E19751FB20078428D /* Resources */ = {
			isa = PBXResourcesBuildPhase;
			buildActionMask = 2147483647;
			files = (
				5E4119BD1979F3FB008A1B2B /* 熱H二.png in Resources */,
				5E14B9BF1977ACD600B4918D /* icon.png in Resources */,
				4EE55C8A19751FB20078428D /* Main_iPad.storyboard in Resources */,
				5EFBC7621978F075003F2839 /* blue.png in Resources */,
				5EFBC7741978F11D003F2839 /* CustomerDataCard_07@2x.png in Resources */,
				5E4119B71979F3FB008A1B2B /* 圓鋼.png in Resources */,
				5E4119B21979F3FB008A1B2B /* 角鋼.png in Resources */,
				5E71DE8A1993179C00CC7CF0 /* 天車.png in Resources */,
				5E71DE9019932D3700CC7CF0 /* 鋼板.png in Resources */,
				BAE0B1B6199354030041BDE2 /* Empty.xib in Resources */,
				5EB4EF71197DE73D00CCAFED /* 矩形管規.png in Resources */,
				5EAA8E001980D74300E55A3D /* down_dark.png in Resources */,
				5E8CCFAE1988A0DF00F473EB /* OutSingle_姓名栏@2x.png in Resources */,
				5EDFF87F197F98FC00A1EBFA /* btn_momal.png in Resources */,
				5E4119B81979F3FB008A1B2B /* 圓鋼管通用一.png in Resources */,
				5EFBC7751978F11D003F2839 /* EmployeeDataSheet_21@2x.png in Resources */,
				BABCA19C1994CEA700E585FB /* Test.xib in Resources */,
				4EE55C8F19751FB20078428D /* Images.xcassets in Resources */,
				5E8CCFAF1988A0DF00F473EB /* Picking_通知按钮@2x.png in Resources */,
				BAE0B1B819936E030041BDE2 /* 工字鋼.png in Resources */,
				5E99B8B61978B59800960698 /* Line_Ver@2x.png in Resources */,
				5E99B8B51978B59800960698 /* Line_Hor@2x.png in Resources */,
				BA391DDC199B492300E5B724 /* EmployeeDataSheet_32@2x.png in Resources */,
				5E4119BF1979F3FB008A1B2B /* H型鋼不對稱.png in Resources */,
				4EC462891975FA0700A57C7D /* Line_Ver@2x.png in Resources */,
				5EFBC7651978F075003F2839 /* red.png in Resources */,
				5EFBC7761978F11D003F2839 /* EmployeeDataSheet_24@2x.png in Resources */,
				5E8CCFAB1988A0D800F473EB /* material_input3@2x.png in Resources */,
				5E4119BE1979F3FB008A1B2B /* C型鋼.png in Resources */,
				5E4119B51979F3FB008A1B2B /* 高焊H.png in Resources */,
				5E0E29B9197A450F00B7BC87 /* AccountInformation-Details_09@2x.png in Resources */,
				5E4119BC1979F3FB008A1B2B /* 熱H一.png in Resources */,
				5E99B8B41978B59800960698 /* icon.png in Resources */,
				5EFBC7661978F075003F2839 /* yellow.png in Resources */,
				5E4119B61979F3FB008A1B2B /* 圓管.png in Resources */,
				BA391DE4199B602600E5B724 /* Values2.json in Resources */,
				4EC462881975FA0700A57C7D /* Line_Hor@2x.png in Resources */,
				5E8CCFB11988A0E300F473EB /* bg-middle.png in Resources */,
				5EFBC7641978F075003F2839 /* ori.png in Resources */,
				5EDFF871197F3C5700A1EBFA /* 矩形管.png in Resources */,
				5E4119BA1979F3FB008A1B2B /* 圓鋼管通用三.png in Resources */,
				5E8CCFAA1988A0D800F473EB /* material_input2@2x.png in Resources */,
				5E4119BB1979F3FB008A1B2B /* 槽鋼.png in Resources */,
				4EE55C7E19751FB20078428D /* InfoPlist.strings in Resources */,
				5E4119C11979F3FB008A1B2B /* Z型鋼.png in Resources */,
				5EFBC7631978F075003F2839 /* green.png in Resources */,
				BA391DE2199B513B00E5B724 /* Values1.json in Resources */,
				5E4119C01979F3FB008A1B2B /* H型鋼截面.png in Resources */,
				5E4119CD197A0358008A1B2B /* tif.png in Resources */,
				5E4119B91979F3FB008A1B2B /* 圓鋼管通用二.png in Resources */,
				5E71DE8419930CA600CC7CF0 /* 變截面H型鋼(坡度).png in Resources */,
			);
			runOnlyForDeploymentPostprocessing = 0;
		};
		4EE55C9219751FB20078428D /* Resources */ = {
			isa = PBXResourcesBuildPhase;
			buildActionMask = 2147483647;
			files = (
				4EE55CA019751FB20078428D /* InfoPlist.strings in Resources */,
			);
			runOnlyForDeploymentPostprocessing = 0;
		};
/* End PBXResourcesBuildPhase section */

/* Begin PBXSourcesBuildPhase section */
		4EE55C6C19751FB20078428D /* Sources */ = {
			isa = PBXSourcesBuildPhase;
			buildActionMask = 2147483647;
			files = (
				BA15E231199603A600DC1E22 /* RectHelper.m in Sources */,
				BA15E2371996053000DC1E22 /* NSArray+Additions.m in Sources */,
				BA99E3C4199C85BA005FE1D3 /* SSViewHelper.m in Sources */,
				BA15E22C1996035800DC1E22 /* FrameHelper.m in Sources */,
				BA99E3DE199C92F3005FE1D3 /* GestureHelper.m in Sources */,
				4EE55C8419751FB20078428D /* AppDelegate.m in Sources */,
				BA99E3C2199C85BA005FE1D3 /* IQKeyboardManager.m in Sources */,
				BA99E3CA199C85BA005FE1D3 /* OrderTableViewCell.m in Sources */,
				BA99E3FD199C99D7005FE1D3 /* OtherController.m in Sources */,
				BA99E3FB199C99D7005FE1D3 /* RectangleMoreController.m in Sources */,
				BA15E23D1996155400DC1E22 /* UIColor+FlatColors.m in Sources */,
				BA15E22E1996035800DC1E22 /* UIView+Frame.m in Sources */,
				BA99E3F7199C99D7005FE1D3 /* BaseController.m in Sources */,
				BA15E23A1996153F00DC1E22 /* ColorHelper.m in Sources */,
				BA15E22D1996035800DC1E22 /* FrameTranslater.m in Sources */,
				BA99E3CB199C85BA005FE1D3 /* AppNavController.m in Sources */,
				BA99E3F9199C99D7005FE1D3 /* CircleMoreController.m in Sources */,
				BA99E3C9199C85BA005FE1D3 /* DropDown1.m in Sources */,
				BA99E3D8199C85BA005FE1D3 /* ViewManager.m in Sources */,
				BA99E3FA199C99D7005FE1D3 /* HMoreController.m in Sources */,
				BA99E3FC199C99D7005FE1D3 /* OrderTableViewController.m in Sources */,
				BA99E3C8199C85BA005FE1D3 /* CaculateTextField.m in Sources */,
				BA99E400199C99D7005FE1D3 /* ProcessingRolledSteelController.m in Sources */,
				BA15E24019961A5B00DC1E22 /* UILabel+AdjustWidth.m in Sources */,
				BA99E3C5199C85BA005FE1D3 /* AppScrollView.m in Sources */,
				BA99E3C3199C85BA005FE1D3 /* SSNumberHelper.m in Sources */,
				BA99E3C6199C85BA005FE1D3 /* BaseButton.m in Sources */,
				BA99E3C7199C85BA005FE1D3 /* BaseTextField.m in Sources */,
				BA99E3FE199C99D7005FE1D3 /* PaintController.m in Sources */,
				BA99E404199CA04F005FE1D3 /* AddOrderButton.m in Sources */,
				4EE55C8019751FB20078428D /* main.m in Sources */,
				BA99E3FF199C99D7005FE1D3 /* PrintController.m in Sources */,
				BA99E401199C99D7005FE1D3 /* RolledSteelController.m in Sources */,
				BA99E3F8199C99D7005FE1D3 /* CaculateBaseController.m in Sources */,
				BA99E3CC199C85BA005FE1D3 /* AppTabBarController.m in Sources */,
			);
			runOnlyForDeploymentPostprocessing = 0;
		};
		4EE55C9019751FB20078428D /* Sources */ = {
			isa = PBXSourcesBuildPhase;
			buildActionMask = 2147483647;
			files = (
				4EE55CA219751FB20078428D /* SteelStaticsTests.m in Sources */,
			);
			runOnlyForDeploymentPostprocessing = 0;
		};
/* End PBXSourcesBuildPhase section */

/* Begin PBXTargetDependency section */
		4EE55C9A19751FB20078428D /* PBXTargetDependency */ = {
			isa = PBXTargetDependency;
			target = 4EE55C6F19751FB20078428D /* SteelStatics */;
			targetProxy = 4EE55C9919751FB20078428D /* PBXContainerItemProxy */;
		};
/* End PBXTargetDependency section */

/* Begin PBXVariantGroup section */
		4EE55C7C19751FB20078428D /* InfoPlist.strings */ = {
			isa = PBXVariantGroup;
			children = (
				4EE55C7D19751FB20078428D /* en */,
			);
			name = InfoPlist.strings;
			sourceTree = "<group>";
		};
		4EE55C8819751FB20078428D /* Main_iPad.storyboard */ = {
			isa = PBXVariantGroup;
			children = (
				4EE55C8919751FB20078428D /* Base */,
			);
			name = Main_iPad.storyboard;
			sourceTree = "<group>";
		};
		4EE55C9E19751FB20078428D /* InfoPlist.strings */ = {
			isa = PBXVariantGroup;
			children = (
				4EE55C9F19751FB20078428D /* en */,
			);
			name = InfoPlist.strings;
			sourceTree = "<group>";
		};
/* End PBXVariantGroup section */

/* Begin XCBuildConfiguration section */
		4EE55CA319751FB20078428D /* Debug */ = {
			isa = XCBuildConfiguration;
			buildSettings = {
				ALWAYS_SEARCH_USER_PATHS = NO;
				CLANG_CXX_LANGUAGE_STANDARD = "gnu++0x";
				CLANG_CXX_LIBRARY = "libc++";
				CLANG_ENABLE_MODULES = YES;
				CLANG_ENABLE_OBJC_ARC = YES;
				CLANG_WARN_BOOL_CONVERSION = YES;
				CLANG_WARN_CONSTANT_CONVERSION = YES;
				CLANG_WARN_DIRECT_OBJC_ISA_USAGE = YES_ERROR;
				CLANG_WARN_EMPTY_BODY = YES;
				CLANG_WARN_ENUM_CONVERSION = YES;
				CLANG_WARN_INT_CONVERSION = YES;
				CLANG_WARN_OBJC_ROOT_CLASS = YES_ERROR;
				CLANG_WARN__DUPLICATE_METHOD_MATCH = YES;
				"CODE_SIGN_IDENTITY[sdk=iphoneos*]" = "iPhone Developer";
				COPY_PHASE_STRIP = NO;
				GCC_C_LANGUAGE_STANDARD = gnu99;
				GCC_DYNAMIC_NO_PIC = NO;
				GCC_OPTIMIZATION_LEVEL = 0;
				GCC_PREPROCESSOR_DEFINITIONS = (
					"DEBUG=1",
					"$(inherited)",
				);
				GCC_SYMBOLS_PRIVATE_EXTERN = NO;
				GCC_WARN_64_TO_32_BIT_CONVERSION = YES;
				GCC_WARN_ABOUT_RETURN_TYPE = YES_ERROR;
				GCC_WARN_UNDECLARED_SELECTOR = YES;
				GCC_WARN_UNINITIALIZED_AUTOS = YES_AGGRESSIVE;
				GCC_WARN_UNUSED_FUNCTION = YES;
				GCC_WARN_UNUSED_VARIABLE = YES;
				IPHONEOS_DEPLOYMENT_TARGET = 7.1;
				ONLY_ACTIVE_ARCH = YES;
				SDKROOT = iphoneos;
				TARGETED_DEVICE_FAMILY = "1,2";
			};
			name = Debug;
		};
		4EE55CA419751FB20078428D /* Release */ = {
			isa = XCBuildConfiguration;
			buildSettings = {
				ALWAYS_SEARCH_USER_PATHS = NO;
				CLANG_CXX_LANGUAGE_STANDARD = "gnu++0x";
				CLANG_CXX_LIBRARY = "libc++";
				CLANG_ENABLE_MODULES = YES;
				CLANG_ENABLE_OBJC_ARC = YES;
				CLANG_WARN_BOOL_CONVERSION = YES;
				CLANG_WARN_CONSTANT_CONVERSION = YES;
				CLANG_WARN_DIRECT_OBJC_ISA_USAGE = YES_ERROR;
				CLANG_WARN_EMPTY_BODY = YES;
				CLANG_WARN_ENUM_CONVERSION = YES;
				CLANG_WARN_INT_CONVERSION = YES;
				CLANG_WARN_OBJC_ROOT_CLASS = YES_ERROR;
				CLANG_WARN__DUPLICATE_METHOD_MATCH = YES;
				"CODE_SIGN_IDENTITY[sdk=iphoneos*]" = "iPhone Developer";
				COPY_PHASE_STRIP = YES;
				ENABLE_NS_ASSERTIONS = NO;
				GCC_C_LANGUAGE_STANDARD = gnu99;
				GCC_WARN_64_TO_32_BIT_CONVERSION = YES;
				GCC_WARN_ABOUT_RETURN_TYPE = YES_ERROR;
				GCC_WARN_UNDECLARED_SELECTOR = YES;
				GCC_WARN_UNINITIALIZED_AUTOS = YES_AGGRESSIVE;
				GCC_WARN_UNUSED_FUNCTION = YES;
				GCC_WARN_UNUSED_VARIABLE = YES;
				IPHONEOS_DEPLOYMENT_TARGET = 7.1;
				SDKROOT = iphoneos;
				TARGETED_DEVICE_FAMILY = "1,2";
				VALIDATE_PRODUCT = YES;
			};
			name = Release;
		};
		4EE55CA619751FB20078428D /* Debug */ = {
			isa = XCBuildConfiguration;
			buildSettings = {
				ASSETCATALOG_COMPILER_APPICON_NAME = AppIcon;
				ASSETCATALOG_COMPILER_LAUNCHIMAGE_NAME = LaunchImage;
				GCC_PRECOMPILE_PREFIX_HEADER = YES;
				GCC_PREFIX_HEADER = "SteelStatics/SteelStatics-Prefix.pch";
				INFOPLIST_FILE = "SteelStatics/SteelStatics-Info.plist";
				PRODUCT_NAME = "$(TARGET_NAME)";
				WRAPPER_EXTENSION = app;
			};
			name = Debug;
		};
		4EE55CA719751FB20078428D /* Release */ = {
			isa = XCBuildConfiguration;
			buildSettings = {
				ASSETCATALOG_COMPILER_APPICON_NAME = AppIcon;
				ASSETCATALOG_COMPILER_LAUNCHIMAGE_NAME = LaunchImage;
				GCC_PRECOMPILE_PREFIX_HEADER = YES;
				GCC_PREFIX_HEADER = "SteelStatics/SteelStatics-Prefix.pch";
				INFOPLIST_FILE = "SteelStatics/SteelStatics-Info.plist";
				PRODUCT_NAME = "$(TARGET_NAME)";
				WRAPPER_EXTENSION = app;
			};
			name = Release;
		};
		4EE55CA919751FB20078428D /* Debug */ = {
			isa = XCBuildConfiguration;
			buildSettings = {
				BUNDLE_LOADER = "$(BUILT_PRODUCTS_DIR)/SteelStatics.app/SteelStatics";
				FRAMEWORK_SEARCH_PATHS = (
					"$(SDKROOT)/Developer/Library/Frameworks",
					"$(inherited)",
					"$(DEVELOPER_FRAMEWORKS_DIR)",
				);
				GCC_PRECOMPILE_PREFIX_HEADER = YES;
				GCC_PREFIX_HEADER = "SteelStatics/SteelStatics-Prefix.pch";
				GCC_PREPROCESSOR_DEFINITIONS = (
					"DEBUG=1",
					"$(inherited)",
				);
				INFOPLIST_FILE = "SteelStaticsTests/SteelStaticsTests-Info.plist";
				PRODUCT_NAME = "$(TARGET_NAME)";
				TEST_HOST = "$(BUNDLE_LOADER)";
				WRAPPER_EXTENSION = xctest;
			};
			name = Debug;
		};
		4EE55CAA19751FB20078428D /* Release */ = {
			isa = XCBuildConfiguration;
			buildSettings = {
				BUNDLE_LOADER = "$(BUILT_PRODUCTS_DIR)/SteelStatics.app/SteelStatics";
				FRAMEWORK_SEARCH_PATHS = (
					"$(SDKROOT)/Developer/Library/Frameworks",
					"$(inherited)",
					"$(DEVELOPER_FRAMEWORKS_DIR)",
				);
				GCC_PRECOMPILE_PREFIX_HEADER = YES;
				GCC_PREFIX_HEADER = "SteelStatics/SteelStatics-Prefix.pch";
				INFOPLIST_FILE = "SteelStaticsTests/SteelStaticsTests-Info.plist";
				PRODUCT_NAME = "$(TARGET_NAME)";
				TEST_HOST = "$(BUNDLE_LOADER)";
				WRAPPER_EXTENSION = xctest;
			};
			name = Release;
		};
/* End XCBuildConfiguration section */

/* Begin XCConfigurationList section */
		4EE55C6B19751FB20078428D /* Build configuration list for PBXProject "SteelStatics" */ = {
			isa = XCConfigurationList;
			buildConfigurations = (
				4EE55CA319751FB20078428D /* Debug */,
				4EE55CA419751FB20078428D /* Release */,
			);
			defaultConfigurationIsVisible = 0;
			defaultConfigurationName = Release;
		};
		4EE55CA519751FB20078428D /* Build configuration list for PBXNativeTarget "SteelStatics" */ = {
			isa = XCConfigurationList;
			buildConfigurations = (
				4EE55CA619751FB20078428D /* Debug */,
				4EE55CA719751FB20078428D /* Release */,
			);
			defaultConfigurationIsVisible = 0;
			defaultConfigurationName = Release;
		};
		4EE55CA819751FB20078428D /* Build configuration list for PBXNativeTarget "SteelStaticsTests" */ = {
			isa = XCConfigurationList;
			buildConfigurations = (
				4EE55CA919751FB20078428D /* Debug */,
				4EE55CAA19751FB20078428D /* Release */,
			);
			defaultConfigurationIsVisible = 0;
			defaultConfigurationName = Release;
		};
/* End XCConfigurationList section */
	};
	rootObject = 4EE55C6819751FB20078428D /* Project object */;
}
