// !$*UTF8*$!
{
	archiveVersion = 1;
	classes = {
	};
	objectVersion = 46;
	objects = {

/* Begin PBXBuildFile section */
		4EC462851975F83C00A57C7D /* NumberHelper.m in Sources */ = {isa = PBXBuildFile; fileRef = 4EC462841975F83C00A57C7D /* NumberHelper.m */; };
		4EC462881975FA0700A57C7D /* Line_Hor@2x.png in Resources */ = {isa = PBXBuildFile; fileRef = 4EC462861975FA0700A57C7D /* Line_Hor@2x.png */; };
		4EC462891975FA0700A57C7D /* Line_Ver@2x.png in Resources */ = {isa = PBXBuildFile; fileRef = 4EC462871975FA0700A57C7D /* Line_Ver@2x.png */; };
		4EC4628C1976016200A57C7D /* SteelGirderController.m in Sources */ = {isa = PBXBuildFile; fileRef = 4EC4628B1976016200A57C7D /* SteelGirderController.m */; };
		4EC4628F1976042A00A57C7D /* SteelSkyController.m in Sources */ = {isa = PBXBuildFile; fileRef = 4EC4628E1976042A00A57C7D /* SteelSkyController.m */; };
		4EE55C7419751FB20078428D /* Foundation.framework in Frameworks */ = {isa = PBXBuildFile; fileRef = 4EE55C7319751FB20078428D /* Foundation.framework */; };
		4EE55C7619751FB20078428D /* CoreGraphics.framework in Frameworks */ = {isa = PBXBuildFile; fileRef = 4EE55C7519751FB20078428D /* CoreGraphics.framework */; };
		4EE55C7819751FB20078428D /* UIKit.framework in Frameworks */ = {isa = PBXBuildFile; fileRef = 4EE55C7719751FB20078428D /* UIKit.framework */; };
		4EE55C7E19751FB20078428D /* InfoPlist.strings in Resources */ = {isa = PBXBuildFile; fileRef = 4EE55C7C19751FB20078428D /* InfoPlist.strings */; };
		4EE55C8019751FB20078428D /* main.m in Sources */ = {isa = PBXBuildFile; fileRef = 4EE55C7F19751FB20078428D /* main.m */; };
		4EE55C8419751FB20078428D /* AppDelegate.m in Sources */ = {isa = PBXBuildFile; fileRef = 4EE55C8319751FB20078428D /* AppDelegate.m */; };
		4EE55C8719751FB20078428D /* Main_iPhone.storyboard in Resources */ = {isa = PBXBuildFile; fileRef = 4EE55C8519751FB20078428D /* Main_iPhone.storyboard */; };
		4EE55C8A19751FB20078428D /* Main_iPad.storyboard in Resources */ = {isa = PBXBuildFile; fileRef = 4EE55C8819751FB20078428D /* Main_iPad.storyboard */; };
		4EE55C8F19751FB20078428D /* Images.xcassets in Resources */ = {isa = PBXBuildFile; fileRef = 4EE55C8E19751FB20078428D /* Images.xcassets */; };
		4EE55C9619751FB20078428D /* XCTest.framework in Frameworks */ = {isa = PBXBuildFile; fileRef = 4EE55C9519751FB20078428D /* XCTest.framework */; };
		4EE55C9719751FB20078428D /* Foundation.framework in Frameworks */ = {isa = PBXBuildFile; fileRef = 4EE55C7319751FB20078428D /* Foundation.framework */; };
		4EE55C9819751FB20078428D /* UIKit.framework in Frameworks */ = {isa = PBXBuildFile; fileRef = 4EE55C7719751FB20078428D /* UIKit.framework */; };
		4EE55CA019751FB20078428D /* InfoPlist.strings in Resources */ = {isa = PBXBuildFile; fileRef = 4EE55C9E19751FB20078428D /* InfoPlist.strings */; };
		4EE55CA219751FB20078428D /* SteelStaticsTests.m in Sources */ = {isa = PBXBuildFile; fileRef = 4EE55CA119751FB20078428D /* SteelStaticsTests.m */; };
		4EE55CB0197520640078428D /* AccountInformation-Details_09@2x.png in Resources */ = {isa = PBXBuildFile; fileRef = 4EE55CAF197520640078428D /* AccountInformation-Details_09@2x.png */; };
		4EE55CB21975208A0078428D /* CustomerDataCard_07@2x.png in Resources */ = {isa = PBXBuildFile; fileRef = 4EE55CB11975208A0078428D /* CustomerDataCard_07@2x.png */; };
		4EE55CB5197521510078428D /* MainController.m in Sources */ = {isa = PBXBuildFile; fileRef = 4EE55CB4197521510078428D /* MainController.m */; };
		4EE55CBA197521D20078428D /* BaseController.m in Sources */ = {isa = PBXBuildFile; fileRef = 4EE55CB9197521D20078428D /* BaseController.m */; };
		4EE55CBD197522420078428D /* NavigatorController.m in Sources */ = {isa = PBXBuildFile; fileRef = 4EE55CBC197522420078428D /* NavigatorController.m */; };
		4EE55CC11975254D0078428D /* BaseButton.m in Sources */ = {isa = PBXBuildFile; fileRef = 4EE55CC01975254D0078428D /* BaseButton.m */; };
		4EE55CC4197525CE0078428D /* EmployeeDataSheet_21@2x.png in Resources */ = {isa = PBXBuildFile; fileRef = 4EE55CC2197525CE0078428D /* EmployeeDataSheet_21@2x.png */; };
		4EE55CC5197525CE0078428D /* EmployeeDataSheet_32@2x.png in Resources */ = {isa = PBXBuildFile; fileRef = 4EE55CC3197525CE0078428D /* EmployeeDataSheet_32@2x.png */; };
		4EE55CC8197560260078428D /* SteelColumnController.m in Sources */ = {isa = PBXBuildFile; fileRef = 4EE55CC7197560260078428D /* SteelColumnController.m */; };
		4EE55CCB197561C40078428D /* SteelPillarController.m in Sources */ = {isa = PBXBuildFile; fileRef = 4EE55CCA197561C40078428D /* SteelPillarController.m */; };
		4EE55CCD197564480078428D /* 2012021510521.jpg in Resources */ = {isa = PBXBuildFile; fileRef = 4EE55CCC197564480078428D /* 2012021510521.jpg */; };
		4EE55CCF19756CE40078428D /* EmployeeDataSheet_24@2x.png in Resources */ = {isa = PBXBuildFile; fileRef = 4EE55CCE19756CE40078428D /* EmployeeDataSheet_24@2x.png */; };
		4EE55CD219756E020078428D /* BaseTextField.m in Sources */ = {isa = PBXBuildFile; fileRef = 4EE55CD119756E020078428D /* BaseTextField.m */; };
		4EE55CD51975704D0078428D /* CaculateTextField.m in Sources */ = {isa = PBXBuildFile; fileRef = 4EE55CD41975704D0078428D /* CaculateTextField.m */; };
		5E49393A19768A000082FEBA /* IQKeyboardManager.m in Sources */ = {isa = PBXBuildFile; fileRef = 5E49393919768A000082FEBA /* IQKeyboardManager.m */; };
		5EEE09941976557800ADE47D /* CirclePipeController.m in Sources */ = {isa = PBXBuildFile; fileRef = 5EEE09931976557800ADE47D /* CirclePipeController.m */; };
		5EEE09971976558A00ADE47D /* CircleSteelController.m in Sources */ = {isa = PBXBuildFile; fileRef = 5EEE09961976558A00ADE47D /* CircleSteelController.m */; };
		5EEE099A197655D800ADE47D /* SmallSteelController.m in Sources */ = {isa = PBXBuildFile; fileRef = 5EEE0999197655D800ADE47D /* SmallSteelController.m */; };
		5EEE099D197655F000ADE47D /* AngleSteelController.m in Sources */ = {isa = PBXBuildFile; fileRef = 5EEE099C197655F000ADE47D /* AngleSteelController.m */; };
		5EEE09A01976562800ADE47D /* SteelBoardController.m in Sources */ = {isa = PBXBuildFile; fileRef = 5EEE099F1976562800ADE47D /* SteelBoardController.m */; };
		5EEE09A31976564300ADE47D /* HSteelController.m in Sources */ = {isa = PBXBuildFile; fileRef = 5EEE09A21976564300ADE47D /* HSteelController.m */; };
		5EEE09A61976565200ADE47D /* CSteelController.m in Sources */ = {isa = PBXBuildFile; fileRef = 5EEE09A51976565200ADE47D /* CSteelController.m */; };
		5EEE09A91976565E00ADE47D /* ZSteelController.m in Sources */ = {isa = PBXBuildFile; fileRef = 5EEE09A81976565E00ADE47D /* ZSteelController.m */; };
		5EEE09AC1976568800ADE47D /* RectangleSteelController.m in Sources */ = {isa = PBXBuildFile; fileRef = 5EEE09AB1976568800ADE47D /* RectangleSteelController.m */; };
		5EEE09AF197656B700ADE47D /* GirderSteelController.m in Sources */ = {isa = PBXBuildFile; fileRef = 5EEE09AE197656B700ADE47D /* GirderSteelController.m */; };
		5EEE09B2197656D300ADE47D /* ChannelSteelController.m in Sources */ = {isa = PBXBuildFile; fileRef = 5EEE09B1197656D300ADE47D /* ChannelSteelController.m */; };
/* End PBXBuildFile section */

/* Begin PBXContainerItemProxy section */
		4EE55C9919751FB20078428D /* PBXContainerItemProxy */ = {
			isa = PBXContainerItemProxy;
			containerPortal = 4EE55C6819751FB20078428D /* Project object */;
			proxyType = 1;
			remoteGlobalIDString = 4EE55C6F19751FB20078428D;
			remoteInfo = SteelStatics;
		};
/* End PBXContainerItemProxy section */

/* Begin PBXFileReference section */
		4EC462831975F83C00A57C7D /* NumberHelper.h */ = {isa = PBXFileReference; fileEncoding = 4; lastKnownFileType = sourcecode.c.h; path = NumberHelper.h; sourceTree = "<group>"; };
		4EC462841975F83C00A57C7D /* NumberHelper.m */ = {isa = PBXFileReference; fileEncoding = 4; lastKnownFileType = sourcecode.c.objc; path = NumberHelper.m; sourceTree = "<group>"; };
		4EC462861975FA0700A57C7D /* Line_Hor@2x.png */ = {isa = PBXFileReference; lastKnownFileType = image.png; path = "Line_Hor@2x.png"; sourceTree = "<group>"; };
		4EC462871975FA0700A57C7D /* Line_Ver@2x.png */ = {isa = PBXFileReference; lastKnownFileType = image.png; path = "Line_Ver@2x.png"; sourceTree = "<group>"; };
		4EC4628A1976016200A57C7D /* SteelGirderController.h */ = {isa = PBXFileReference; fileEncoding = 4; lastKnownFileType = sourcecode.c.h; path = SteelGirderController.h; sourceTree = "<group>"; };
		4EC4628B1976016200A57C7D /* SteelGirderController.m */ = {isa = PBXFileReference; fileEncoding = 4; lastKnownFileType = sourcecode.c.objc; path = SteelGirderController.m; sourceTree = "<group>"; };
		4EC4628D1976042A00A57C7D /* SteelSkyController.h */ = {isa = PBXFileReference; fileEncoding = 4; lastKnownFileType = sourcecode.c.h; path = SteelSkyController.h; sourceTree = "<group>"; };
		4EC4628E1976042A00A57C7D /* SteelSkyController.m */ = {isa = PBXFileReference; fileEncoding = 4; lastKnownFileType = sourcecode.c.objc; path = SteelSkyController.m; sourceTree = "<group>"; };
		4EE55C7019751FB20078428D /* SteelStatics.app */ = {isa = PBXFileReference; explicitFileType = wrapper.application; includeInIndex = 0; path = SteelStatics.app; sourceTree = BUILT_PRODUCTS_DIR; };
		4EE55C7319751FB20078428D /* Foundation.framework */ = {isa = PBXFileReference; lastKnownFileType = wrapper.framework; name = Foundation.framework; path = System/Library/Frameworks/Foundation.framework; sourceTree = SDKROOT; };
		4EE55C7519751FB20078428D /* CoreGraphics.framework */ = {isa = PBXFileReference; lastKnownFileType = wrapper.framework; name = CoreGraphics.framework; path = System/Library/Frameworks/CoreGraphics.framework; sourceTree = SDKROOT; };
		4EE55C7719751FB20078428D /* UIKit.framework */ = {isa = PBXFileReference; lastKnownFileType = wrapper.framework; name = UIKit.framework; path = System/Library/Frameworks/UIKit.framework; sourceTree = SDKROOT; };
		4EE55C7B19751FB20078428D /* SteelStatics-Info.plist */ = {isa = PBXFileReference; lastKnownFileType = text.plist.xml; path = "SteelStatics-Info.plist"; sourceTree = "<group>"; };
		4EE55C7D19751FB20078428D /* en */ = {isa = PBXFileReference; lastKnownFileType = text.plist.strings; name = en; path = en.lproj/InfoPlist.strings; sourceTree = "<group>"; };
		4EE55C7F19751FB20078428D /* main.m */ = {isa = PBXFileReference; lastKnownFileType = sourcecode.c.objc; path = main.m; sourceTree = "<group>"; };
		4EE55C8119751FB20078428D /* SteelStatics-Prefix.pch */ = {isa = PBXFileReference; lastKnownFileType = sourcecode.c.h; path = "SteelStatics-Prefix.pch"; sourceTree = "<group>"; };
		4EE55C8219751FB20078428D /* AppDelegate.h */ = {isa = PBXFileReference; lastKnownFileType = sourcecode.c.h; path = AppDelegate.h; sourceTree = "<group>"; };
		4EE55C8319751FB20078428D /* AppDelegate.m */ = {isa = PBXFileReference; lastKnownFileType = sourcecode.c.objc; path = AppDelegate.m; sourceTree = "<group>"; };
		4EE55C8619751FB20078428D /* Base */ = {isa = PBXFileReference; lastKnownFileType = file.storyboard; name = Base; path = Base.lproj/Main_iPhone.storyboard; sourceTree = "<group>"; };
		4EE55C8919751FB20078428D /* Base */ = {isa = PBXFileReference; lastKnownFileType = file.storyboard; name = Base; path = Base.lproj/Main_iPad.storyboard; sourceTree = "<group>"; };
		4EE55C8E19751FB20078428D /* Images.xcassets */ = {isa = PBXFileReference; lastKnownFileType = folder.assetcatalog; path = Images.xcassets; sourceTree = "<group>"; };
		4EE55C9419751FB20078428D /* SteelStaticsTests.xctest */ = {isa = PBXFileReference; explicitFileType = wrapper.cfbundle; includeInIndex = 0; path = SteelStaticsTests.xctest; sourceTree = BUILT_PRODUCTS_DIR; };
		4EE55C9519751FB20078428D /* XCTest.framework */ = {isa = PBXFileReference; lastKnownFileType = wrapper.framework; name = XCTest.framework; path = Library/Frameworks/XCTest.framework; sourceTree = DEVELOPER_DIR; };
		4EE55C9D19751FB20078428D /* SteelStaticsTests-Info.plist */ = {isa = PBXFileReference; lastKnownFileType = text.plist.xml; path = "SteelStaticsTests-Info.plist"; sourceTree = "<group>"; };
		4EE55C9F19751FB20078428D /* en */ = {isa = PBXFileReference; lastKnownFileType = text.plist.strings; name = en; path = en.lproj/InfoPlist.strings; sourceTree = "<group>"; };
		4EE55CA119751FB20078428D /* SteelStaticsTests.m */ = {isa = PBXFileReference; lastKnownFileType = sourcecode.c.objc; path = SteelStaticsTests.m; sourceTree = "<group>"; };
		4EE55CAF197520640078428D /* AccountInformation-Details_09@2x.png */ = {isa = PBXFileReference; lastKnownFileType = image.png; path = "AccountInformation-Details_09@2x.png"; sourceTree = "<group>"; };
		4EE55CB11975208A0078428D /* CustomerDataCard_07@2x.png */ = {isa = PBXFileReference; lastKnownFileType = image.png; path = "CustomerDataCard_07@2x.png"; sourceTree = "<group>"; };
		4EE55CB3197521510078428D /* MainController.h */ = {isa = PBXFileReference; fileEncoding = 4; lastKnownFileType = sourcecode.c.h; path = MainController.h; sourceTree = "<group>"; };
		4EE55CB4197521510078428D /* MainController.m */ = {isa = PBXFileReference; fileEncoding = 4; lastKnownFileType = sourcecode.c.objc; path = MainController.m; sourceTree = "<group>"; };
		4EE55CB61975216E0078428D /* AppInterface.h */ = {isa = PBXFileReference; lastKnownFileType = sourcecode.c.h; path = AppInterface.h; sourceTree = "<group>"; };
		4EE55CB8197521D20078428D /* BaseController.h */ = {isa = PBXFileReference; fileEncoding = 4; lastKnownFileType = sourcecode.c.h; path = BaseController.h; sourceTree = "<group>"; };
		4EE55CB9197521D20078428D /* BaseController.m */ = {isa = PBXFileReference; fileEncoding = 4; lastKnownFileType = sourcecode.c.objc; path = BaseController.m; sourceTree = "<group>"; };
		4EE55CBB197522420078428D /* NavigatorController.h */ = {isa = PBXFileReference; fileEncoding = 4; lastKnownFileType = sourcecode.c.h; path = NavigatorController.h; sourceTree = "<group>"; };
		4EE55CBC197522420078428D /* NavigatorController.m */ = {isa = PBXFileReference; fileEncoding = 4; lastKnownFileType = sourcecode.c.objc; path = NavigatorController.m; sourceTree = "<group>"; };
		4EE55CBF1975254D0078428D /* BaseButton.h */ = {isa = PBXFileReference; fileEncoding = 4; lastKnownFileType = sourcecode.c.h; path = BaseButton.h; sourceTree = "<group>"; };
		4EE55CC01975254D0078428D /* BaseButton.m */ = {isa = PBXFileReference; fileEncoding = 4; lastKnownFileType = sourcecode.c.objc; path = BaseButton.m; sourceTree = "<group>"; };
		4EE55CC2197525CE0078428D /* EmployeeDataSheet_21@2x.png */ = {isa = PBXFileReference; lastKnownFileType = image.png; path = "EmployeeDataSheet_21@2x.png"; sourceTree = "<group>"; };
		4EE55CC3197525CE0078428D /* EmployeeDataSheet_32@2x.png */ = {isa = PBXFileReference; lastKnownFileType = image.png; path = "EmployeeDataSheet_32@2x.png"; sourceTree = "<group>"; };
		4EE55CC6197560260078428D /* SteelColumnController.h */ = {isa = PBXFileReference; fileEncoding = 4; lastKnownFileType = sourcecode.c.h; path = SteelColumnController.h; sourceTree = "<group>"; };
		4EE55CC7197560260078428D /* SteelColumnController.m */ = {isa = PBXFileReference; fileEncoding = 4; lastKnownFileType = sourcecode.c.objc; path = SteelColumnController.m; sourceTree = "<group>"; };
		4EE55CC9197561C40078428D /* SteelPillarController.h */ = {isa = PBXFileReference; fileEncoding = 4; lastKnownFileType = sourcecode.c.h; path = SteelPillarController.h; sourceTree = "<group>"; };
		4EE55CCA197561C40078428D /* SteelPillarController.m */ = {isa = PBXFileReference; fileEncoding = 4; lastKnownFileType = sourcecode.c.objc; path = SteelPillarController.m; sourceTree = "<group>"; };
		4EE55CCC197564480078428D /* 2012021510521.jpg */ = {isa = PBXFileReference; lastKnownFileType = image.jpeg; path = 2012021510521.jpg; sourceTree = "<group>"; };
		4EE55CCE19756CE40078428D /* EmployeeDataSheet_24@2x.png */ = {isa = PBXFileReference; lastKnownFileType = image.png; path = "EmployeeDataSheet_24@2x.png"; sourceTree = "<group>"; };
		4EE55CD019756E020078428D /* BaseTextField.h */ = {isa = PBXFileReference; fileEncoding = 4; lastKnownFileType = sourcecode.c.h; path = BaseTextField.h; sourceTree = "<group>"; };
		4EE55CD119756E020078428D /* BaseTextField.m */ = {isa = PBXFileReference; fileEncoding = 4; lastKnownFileType = sourcecode.c.objc; path = BaseTextField.m; sourceTree = "<group>"; };
		4EE55CD31975704D0078428D /* CaculateTextField.h */ = {isa = PBXFileReference; fileEncoding = 4; lastKnownFileType = sourcecode.c.h; path = CaculateTextField.h; sourceTree = "<group>"; };
		4EE55CD41975704D0078428D /* CaculateTextField.m */ = {isa = PBXFileReference; fileEncoding = 4; lastKnownFileType = sourcecode.c.objc; path = CaculateTextField.m; sourceTree = "<group>"; };
		5E49393819768A000082FEBA /* IQKeyboardManager.h */ = {isa = PBXFileReference; fileEncoding = 4; lastKnownFileType = sourcecode.c.h; path = IQKeyboardManager.h; sourceTree = "<group>"; };
		5E49393919768A000082FEBA /* IQKeyboardManager.m */ = {isa = PBXFileReference; fileEncoding = 4; lastKnownFileType = sourcecode.c.objc; path = IQKeyboardManager.m; sourceTree = "<group>"; };
		5EEE09921976557800ADE47D /* CirclePipeController.h */ = {isa = PBXFileReference; fileEncoding = 4; lastKnownFileType = sourcecode.c.h; path = CirclePipeController.h; sourceTree = "<group>"; };
		5EEE09931976557800ADE47D /* CirclePipeController.m */ = {isa = PBXFileReference; fileEncoding = 4; lastKnownFileType = sourcecode.c.objc; path = CirclePipeController.m; sourceTree = "<group>"; };
		5EEE09951976558A00ADE47D /* CircleSteelController.h */ = {isa = PBXFileReference; fileEncoding = 4; lastKnownFileType = sourcecode.c.h; path = CircleSteelController.h; sourceTree = "<group>"; };
		5EEE09961976558A00ADE47D /* CircleSteelController.m */ = {isa = PBXFileReference; fileEncoding = 4; lastKnownFileType = sourcecode.c.objc; path = CircleSteelController.m; sourceTree = "<group>"; };
		5EEE0998197655D800ADE47D /* SmallSteelController.h */ = {isa = PBXFileReference; fileEncoding = 4; lastKnownFileType = sourcecode.c.h; path = SmallSteelController.h; sourceTree = "<group>"; };
		5EEE0999197655D800ADE47D /* SmallSteelController.m */ = {isa = PBXFileReference; fileEncoding = 4; lastKnownFileType = sourcecode.c.objc; path = SmallSteelController.m; sourceTree = "<group>"; };
		5EEE099B197655F000ADE47D /* AngleSteelController.h */ = {isa = PBXFileReference; fileEncoding = 4; lastKnownFileType = sourcecode.c.h; path = AngleSteelController.h; sourceTree = "<group>"; };
		5EEE099C197655F000ADE47D /* AngleSteelController.m */ = {isa = PBXFileReference; fileEncoding = 4; lastKnownFileType = sourcecode.c.objc; path = AngleSteelController.m; sourceTree = "<group>"; };
		5EEE099E1976562800ADE47D /* SteelBoardController.h */ = {isa = PBXFileReference; fileEncoding = 4; lastKnownFileType = sourcecode.c.h; path = SteelBoardController.h; sourceTree = "<group>"; };
		5EEE099F1976562800ADE47D /* SteelBoardController.m */ = {isa = PBXFileReference; fileEncoding = 4; lastKnownFileType = sourcecode.c.objc; path = SteelBoardController.m; sourceTree = "<group>"; };
		5EEE09A11976564300ADE47D /* HSteelController.h */ = {isa = PBXFileReference; fileEncoding = 4; lastKnownFileType = sourcecode.c.h; path = HSteelController.h; sourceTree = "<group>"; };
		5EEE09A21976564300ADE47D /* HSteelController.m */ = {isa = PBXFileReference; fileEncoding = 4; lastKnownFileType = sourcecode.c.objc; path = HSteelController.m; sourceTree = "<group>"; };
		5EEE09A41976565200ADE47D /* CSteelController.h */ = {isa = PBXFileReference; fileEncoding = 4; lastKnownFileType = sourcecode.c.h; path = CSteelController.h; sourceTree = "<group>"; };
		5EEE09A51976565200ADE47D /* CSteelController.m */ = {isa = PBXFileReference; fileEncoding = 4; lastKnownFileType = sourcecode.c.objc; path = CSteelController.m; sourceTree = "<group>"; };
		5EEE09A71976565E00ADE47D /* ZSteelController.h */ = {isa = PBXFileReference; fileEncoding = 4; lastKnownFileType = sourcecode.c.h; path = ZSteelController.h; sourceTree = "<group>"; };
		5EEE09A81976565E00ADE47D /* ZSteelController.m */ = {isa = PBXFileReference; fileEncoding = 4; lastKnownFileType = sourcecode.c.objc; path = ZSteelController.m; sourceTree = "<group>"; };
		5EEE09AA1976568800ADE47D /* RectangleSteelController.h */ = {isa = PBXFileReference; fileEncoding = 4; lastKnownFileType = sourcecode.c.h; path = RectangleSteelController.h; sourceTree = "<group>"; };
		5EEE09AB1976568800ADE47D /* RectangleSteelController.m */ = {isa = PBXFileReference; fileEncoding = 4; lastKnownFileType = sourcecode.c.objc; path = RectangleSteelController.m; sourceTree = "<group>"; };
		5EEE09AD197656B700ADE47D /* GirderSteelController.h */ = {isa = PBXFileReference; fileEncoding = 4; lastKnownFileType = sourcecode.c.h; path = GirderSteelController.h; sourceTree = "<group>"; };
		5EEE09AE197656B700ADE47D /* GirderSteelController.m */ = {isa = PBXFileReference; fileEncoding = 4; lastKnownFileType = sourcecode.c.objc; path = GirderSteelController.m; sourceTree = "<group>"; };
		5EEE09B0197656D300ADE47D /* ChannelSteelController.h */ = {isa = PBXFileReference; fileEncoding = 4; lastKnownFileType = sourcecode.c.h; path = ChannelSteelController.h; sourceTree = "<group>"; };
		5EEE09B1197656D300ADE47D /* ChannelSteelController.m */ = {isa = PBXFileReference; fileEncoding = 4; lastKnownFileType = sourcecode.c.objc; path = ChannelSteelController.m; sourceTree = "<group>"; };
/* End PBXFileReference section */

/* Begin PBXFrameworksBuildPhase section */
		4EE55C6D19751FB20078428D /* Frameworks */ = {
			isa = PBXFrameworksBuildPhase;
			buildActionMask = 2147483647;
			files = (
				4EE55C7619751FB20078428D /* CoreGraphics.framework in Frameworks */,
				4EE55C7819751FB20078428D /* UIKit.framework in Frameworks */,
				4EE55C7419751FB20078428D /* Foundation.framework in Frameworks */,
			);
			runOnlyForDeploymentPostprocessing = 0;
		};
		4EE55C9119751FB20078428D /* Frameworks */ = {
			isa = PBXFrameworksBuildPhase;
			buildActionMask = 2147483647;
			files = (
				4EE55C9619751FB20078428D /* XCTest.framework in Frameworks */,
				4EE55C9819751FB20078428D /* UIKit.framework in Frameworks */,
				4EE55C9719751FB20078428D /* Foundation.framework in Frameworks */,
			);
			runOnlyForDeploymentPostprocessing = 0;
		};
/* End PBXFrameworksBuildPhase section */

/* Begin PBXGroup section */
		4EC462821975F82E00A57C7D /* Helper */ = {
			isa = PBXGroup;
			children = (
				5E49393719768A000082FEBA /* KeyBoardManager */,
				4EC462831975F83C00A57C7D /* NumberHelper.h */,
				4EC462841975F83C00A57C7D /* NumberHelper.m */,
			);
			name = Helper;
			path = SteelStatics/Classes/Helper;
			sourceTree = SOURCE_ROOT;
		};
		4EE55C6719751FB20078428D = {
			isa = PBXGroup;
			children = (
				4EE55C7919751FB20078428D /* SteelStatics */,
				4EE55C9B19751FB20078428D /* SteelStaticsTests */,
				4EE55C7219751FB20078428D /* Frameworks */,
				4EE55C7119751FB20078428D /* Products */,
			);
			sourceTree = "<group>";
		};
		4EE55C7119751FB20078428D /* Products */ = {
			isa = PBXGroup;
			children = (
				4EE55C7019751FB20078428D /* SteelStatics.app */,
				4EE55C9419751FB20078428D /* SteelStaticsTests.xctest */,
			);
			name = Products;
			sourceTree = "<group>";
		};
		4EE55C7219751FB20078428D /* Frameworks */ = {
			isa = PBXGroup;
			children = (
				4EE55C7319751FB20078428D /* Foundation.framework */,
				4EE55C7519751FB20078428D /* CoreGraphics.framework */,
				4EE55C7719751FB20078428D /* UIKit.framework */,
				4EE55C9519751FB20078428D /* XCTest.framework */,
			);
			name = Frameworks;
			sourceTree = "<group>";
		};
		4EE55C7919751FB20078428D /* SteelStatics */ = {
			isa = PBXGroup;
			children = (
				4EE55CAD197520310078428D /* Resources */,
				4EE55CAB197520180078428D /* Classes */,
				4EE55C8219751FB20078428D /* AppDelegate.h */,
				4EE55C8319751FB20078428D /* AppDelegate.m */,
				4EE55CB61975216E0078428D /* AppInterface.h */,
				4EE55C8519751FB20078428D /* Main_iPhone.storyboard */,
				4EE55C8819751FB20078428D /* Main_iPad.storyboard */,
				4EE55C8E19751FB20078428D /* Images.xcassets */,
				4EE55C7A19751FB20078428D /* Supporting Files */,
			);
			path = SteelStatics;
			sourceTree = "<group>";
		};
		4EE55C7A19751FB20078428D /* Supporting Files */ = {
			isa = PBXGroup;
			children = (
				4EE55C7B19751FB20078428D /* SteelStatics-Info.plist */,
				4EE55C7C19751FB20078428D /* InfoPlist.strings */,
				4EE55C7F19751FB20078428D /* main.m */,
				4EE55C8119751FB20078428D /* SteelStatics-Prefix.pch */,
			);
			name = "Supporting Files";
			sourceTree = "<group>";
		};
		4EE55C9B19751FB20078428D /* SteelStaticsTests */ = {
			isa = PBXGroup;
			children = (
				4EE55CA119751FB20078428D /* SteelStaticsTests.m */,
				4EE55C9C19751FB20078428D /* Supporting Files */,
			);
			path = SteelStaticsTests;
			sourceTree = "<group>";
		};
		4EE55C9C19751FB20078428D /* Supporting Files */ = {
			isa = PBXGroup;
			children = (
				4EE55C9D19751FB20078428D /* SteelStaticsTests-Info.plist */,
				4EE55C9E19751FB20078428D /* InfoPlist.strings */,
			);
			name = "Supporting Files";
			sourceTree = "<group>";
		};
		4EE55CAB197520180078428D /* Classes */ = {
			isa = PBXGroup;
			children = (
				4EE55CAC197520180078428D /* View */,
			);
			path = Classes;
			sourceTree = "<group>";
		};
		4EE55CAC197520180078428D /* View */ = {
			isa = PBXGroup;
			children = (
				4EC462821975F82E00A57C7D /* Helper */,
				4EE55CBE197525300078428D /* Components */,
				4EE55CB7197521C00078428D /* Controllers */,
				4EE55CB3197521510078428D /* MainController.h */,
				4EE55CB4197521510078428D /* MainController.m */,
				4EE55CBB197522420078428D /* NavigatorController.h */,
				4EE55CBC197522420078428D /* NavigatorController.m */,
			);
			path = View;
			sourceTree = "<group>";
		};
		4EE55CAD197520310078428D /* Resources */ = {
			isa = PBXGroup;
			children = (
				4EE55CAE197520310078428D /* Images */,
			);
			path = Resources;
			sourceTree = "<group>";
		};
		4EE55CAE197520310078428D /* Images */ = {
			isa = PBXGroup;
			children = (
				4EC462861975FA0700A57C7D /* Line_Hor@2x.png */,
				4EC462871975FA0700A57C7D /* Line_Ver@2x.png */,
				4EE55CCE19756CE40078428D /* EmployeeDataSheet_24@2x.png */,
				4EE55CCC197564480078428D /* 2012021510521.jpg */,
				4EE55CC2197525CE0078428D /* EmployeeDataSheet_21@2x.png */,
				4EE55CC3197525CE0078428D /* EmployeeDataSheet_32@2x.png */,
				4EE55CB11975208A0078428D /* CustomerDataCard_07@2x.png */,
				4EE55CAF197520640078428D /* AccountInformation-Details_09@2x.png */,
			);
			path = Images;
			sourceTree = "<group>";
		};
		4EE55CB7197521C00078428D /* Controllers */ = {
			isa = PBXGroup;
			children = (
				4EE55CB8197521D20078428D /* BaseController.h */,
				4EE55CB9197521D20078428D /* BaseController.m */,
				4EC4628D1976042A00A57C7D /* SteelSkyController.h */,
				4EC4628E1976042A00A57C7D /* SteelSkyController.m */,
				4EE55CC6197560260078428D /* SteelColumnController.h */,
				4EE55CC7197560260078428D /* SteelColumnController.m */,
				4EE55CC9197561C40078428D /* SteelPillarController.h */,
				4EE55CCA197561C40078428D /* SteelPillarController.m */,
				4EC4628A1976016200A57C7D /* SteelGirderController.h */,
				4EC4628B1976016200A57C7D /* SteelGirderController.m */,
				5EEE09921976557800ADE47D /* CirclePipeController.h */,
				5EEE09931976557800ADE47D /* CirclePipeController.m */,
				5EEE09951976558A00ADE47D /* CircleSteelController.h */,
				5EEE09961976558A00ADE47D /* CircleSteelController.m */,
				5EEE0998197655D800ADE47D /* SmallSteelController.h */,
				5EEE0999197655D800ADE47D /* SmallSteelController.m */,
				5EEE099B197655F000ADE47D /* AngleSteelController.h */,
				5EEE099C197655F000ADE47D /* AngleSteelController.m */,
				5EEE099E1976562800ADE47D /* SteelBoardController.h */,
				5EEE099F1976562800ADE47D /* SteelBoardController.m */,
				5EEE09A11976564300ADE47D /* HSteelController.h */,
				5EEE09A21976564300ADE47D /* HSteelController.m */,
				5EEE09A41976565200ADE47D /* CSteelController.h */,
				5EEE09A51976565200ADE47D /* CSteelController.m */,
				5EEE09A71976565E00ADE47D /* ZSteelController.h */,
				5EEE09A81976565E00ADE47D /* ZSteelController.m */,
				5EEE09AA1976568800ADE47D /* RectangleSteelController.h */,
				5EEE09AB1976568800ADE47D /* RectangleSteelController.m */,
				5EEE09AD197656B700ADE47D /* GirderSteelController.h */,
				5EEE09AE197656B700ADE47D /* GirderSteelController.m */,
				5EEE09B0197656D300ADE47D /* ChannelSteelController.h */,
				5EEE09B1197656D300ADE47D /* ChannelSteelController.m */,
			);
			path = Controllers;
			sourceTree = "<group>";
		};
		4EE55CBE197525300078428D /* Components */ = {
			isa = PBXGroup;
			children = (
				4EE55CBF1975254D0078428D /* BaseButton.h */,
				4EE55CC01975254D0078428D /* BaseButton.m */,
				4EE55CD019756E020078428D /* BaseTextField.h */,
				4EE55CD119756E020078428D /* BaseTextField.m */,
				4EE55CD31975704D0078428D /* CaculateTextField.h */,
				4EE55CD41975704D0078428D /* CaculateTextField.m */,
			);
			path = Components;
			sourceTree = "<group>";
		};
		5E49393719768A000082FEBA /* KeyBoardManager */ = {
			isa = PBXGroup;
			children = (
				5E49393819768A000082FEBA /* IQKeyboardManager.h */,
				5E49393919768A000082FEBA /* IQKeyboardManager.m */,
			);
			path = KeyBoardManager;
			sourceTree = "<group>";
		};
/* End PBXGroup section */

/* Begin PBXNativeTarget section */
		4EE55C6F19751FB20078428D /* SteelStatics */ = {
			isa = PBXNativeTarget;
			buildConfigurationList = 4EE55CA519751FB20078428D /* Build configuration list for PBXNativeTarget "SteelStatics" */;
			buildPhases = (
				4EE55C6C19751FB20078428D /* Sources */,
				4EE55C6D19751FB20078428D /* Frameworks */,
				4EE55C6E19751FB20078428D /* Resources */,
			);
			buildRules = (
			);
			dependencies = (
			);
			name = SteelStatics;
			productName = SteelStatics;
			productReference = 4EE55C7019751FB20078428D /* SteelStatics.app */;
			productType = "com.apple.product-type.application";
		};
		4EE55C9319751FB20078428D /* SteelStaticsTests */ = {
			isa = PBXNativeTarget;
			buildConfigurationList = 4EE55CA819751FB20078428D /* Build configuration list for PBXNativeTarget "SteelStaticsTests" */;
			buildPhases = (
				4EE55C9019751FB20078428D /* Sources */,
				4EE55C9119751FB20078428D /* Frameworks */,
				4EE55C9219751FB20078428D /* Resources */,
			);
			buildRules = (
			);
			dependencies = (
				4EE55C9A19751FB20078428D /* PBXTargetDependency */,
			);
			name = SteelStaticsTests;
			productName = SteelStaticsTests;
			productReference = 4EE55C9419751FB20078428D /* SteelStaticsTests.xctest */;
			productType = "com.apple.product-type.bundle.unit-test";
		};
/* End PBXNativeTarget section */

/* Begin PBXProject section */
		4EE55C6819751FB20078428D /* Project object */ = {
			isa = PBXProject;
			attributes = {
				LastUpgradeCheck = 0510;
				ORGANIZATIONNAME = isaacs;
				TargetAttributes = {
					4EE55C9319751FB20078428D = {
						TestTargetID = 4EE55C6F19751FB20078428D;
					};
				};
			};
			buildConfigurationList = 4EE55C6B19751FB20078428D /* Build configuration list for PBXProject "SteelStatics" */;
			compatibilityVersion = "Xcode 3.2";
			developmentRegion = English;
			hasScannedForEncodings = 0;
			knownRegions = (
				en,
				Base,
			);
			mainGroup = 4EE55C6719751FB20078428D;
			productRefGroup = 4EE55C7119751FB20078428D /* Products */;
			projectDirPath = "";
			projectRoot = "";
			targets = (
				4EE55C6F19751FB20078428D /* SteelStatics */,
				4EE55C9319751FB20078428D /* SteelStaticsTests */,
			);
		};
/* End PBXProject section */

/* Begin PBXResourcesBuildPhase section */
		4EE55C6E19751FB20078428D /* Resources */ = {
			isa = PBXResourcesBuildPhase;
			buildActionMask = 2147483647;
			files = (
				4EE55C8A19751FB20078428D /* Main_iPad.storyboard in Resources */,
				4EE55C8F19751FB20078428D /* Images.xcassets in Resources */,
				4EE55CCF19756CE40078428D /* EmployeeDataSheet_24@2x.png in Resources */,
				4EE55CB0197520640078428D /* AccountInformation-Details_09@2x.png in Resources */,
				4EC462891975FA0700A57C7D /* Line_Ver@2x.png in Resources */,
				4EE55CCD197564480078428D /* 2012021510521.jpg in Resources */,
				4EE55CB21975208A0078428D /* CustomerDataCard_07@2x.png in Resources */,
				4EE55CC4197525CE0078428D /* EmployeeDataSheet_21@2x.png in Resources */,
				4EC462881975FA0700A57C7D /* Line_Hor@2x.png in Resources */,
				4EE55C8719751FB20078428D /* Main_iPhone.storyboard in Resources */,
				4EE55C7E19751FB20078428D /* InfoPlist.strings in Resources */,
				4EE55CC5197525CE0078428D /* EmployeeDataSheet_32@2x.png in Resources */,
			);
			runOnlyForDeploymentPostprocessing = 0;
		};
		4EE55C9219751FB20078428D /* Resources */ = {
			isa = PBXResourcesBuildPhase;
			buildActionMask = 2147483647;
			files = (
				4EE55CA019751FB20078428D /* InfoPlist.strings in Resources */,
			);
			runOnlyForDeploymentPostprocessing = 0;
		};
/* End PBXResourcesBuildPhase section */

/* Begin PBXSourcesBuildPhase section */
		4EE55C6C19751FB20078428D /* Sources */ = {
			isa = PBXSourcesBuildPhase;
			buildActionMask = 2147483647;
			files = (
				5EEE09971976558A00ADE47D /* CircleSteelController.m in Sources */,
				4EC462851975F83C00A57C7D /* NumberHelper.m in Sources */,
				4EE55CBD197522420078428D /* NavigatorController.m in Sources */,
				4EE55C8419751FB20078428D /* AppDelegate.m in Sources */,
				5EEE099D197655F000ADE47D /* AngleSteelController.m in Sources */,
				5E49393A19768A000082FEBA /* IQKeyboardManager.m in Sources */,
				4EE55CB5197521510078428D /* MainController.m in Sources */,
				4EC4628C1976016200A57C7D /* SteelGirderController.m in Sources */,
				4EC4628F1976042A00A57C7D /* SteelSkyController.m in Sources */,
				5EEE09AF197656B700ADE47D /* GirderSteelController.m in Sources */,
				5EEE09A31976564300ADE47D /* HSteelController.m in Sources */,
				5EEE09A61976565200ADE47D /* CSteelController.m in Sources */,
				4EE55CC11975254D0078428D /* BaseButton.m in Sources */,
				5EEE09941976557800ADE47D /* CirclePipeController.m in Sources */,
				4EE55CC8197560260078428D /* SteelColumnController.m in Sources */,
				4EE55CD51975704D0078428D /* CaculateTextField.m in Sources */,
				5EEE099A197655D800ADE47D /* SmallSteelController.m in Sources */,
				4EE55CBA197521D20078428D /* BaseController.m in Sources */,
				5EEE09A01976562800ADE47D /* SteelBoardController.m in Sources */,
				5EEE09A91976565E00ADE47D /* ZSteelController.m in Sources */,
				4EE55CD219756E020078428D /* BaseTextField.m in Sources */,
				4EE55C8019751FB20078428D /* main.m in Sources */,
				5EEE09B2197656D300ADE47D /* ChannelSteelController.m in Sources */,
				4EE55CCB197561C40078428D /* SteelPillarController.m in Sources */,
				5EEE09AC1976568800ADE47D /* RectangleSteelController.m in Sources */,
			);
			runOnlyForDeploymentPostprocessing = 0;
		};
		4EE55C9019751FB20078428D /* Sources */ = {
			isa = PBXSourcesBuildPhase;
			buildActionMask = 2147483647;
			files = (
				4EE55CA219751FB20078428D /* SteelStaticsTests.m in Sources */,
			);
			runOnlyForDeploymentPostprocessing = 0;
		};
/* End PBXSourcesBuildPhase section */

/* Begin PBXTargetDependency section */
		4EE55C9A19751FB20078428D /* PBXTargetDependency */ = {
			isa = PBXTargetDependency;
			target = 4EE55C6F19751FB20078428D /* SteelStatics */;
			targetProxy = 4EE55C9919751FB20078428D /* PBXContainerItemProxy */;
		};
/* End PBXTargetDependency section */

/* Begin PBXVariantGroup section */
		4EE55C7C19751FB20078428D /* InfoPlist.strings */ = {
			isa = PBXVariantGroup;
			children = (
				4EE55C7D19751FB20078428D /* en */,
			);
			name = InfoPlist.strings;
			sourceTree = "<group>";
		};
		4EE55C8519751FB20078428D /* Main_iPhone.storyboard */ = {
			isa = PBXVariantGroup;
			children = (
				4EE55C8619751FB20078428D /* Base */,
			);
			name = Main_iPhone.storyboard;
			sourceTree = "<group>";
		};
		4EE55C8819751FB20078428D /* Main_iPad.storyboard */ = {
			isa = PBXVariantGroup;
			children = (
				4EE55C8919751FB20078428D /* Base */,
			);
			name = Main_iPad.storyboard;
			sourceTree = "<group>";
		};
		4EE55C9E19751FB20078428D /* InfoPlist.strings */ = {
			isa = PBXVariantGroup;
			children = (
				4EE55C9F19751FB20078428D /* en */,
			);
			name = InfoPlist.strings;
			sourceTree = "<group>";
		};
/* End PBXVariantGroup section */

/* Begin XCBuildConfiguration section */
		4EE55CA319751FB20078428D /* Debug */ = {
			isa = XCBuildConfiguration;
			buildSettings = {
				ALWAYS_SEARCH_USER_PATHS = NO;
				CLANG_CXX_LANGUAGE_STANDARD = "gnu++0x";
				CLANG_CXX_LIBRARY = "libc++";
				CLANG_ENABLE_MODULES = YES;
				CLANG_ENABLE_OBJC_ARC = YES;
				CLANG_WARN_BOOL_CONVERSION = YES;
				CLANG_WARN_CONSTANT_CONVERSION = YES;
				CLANG_WARN_DIRECT_OBJC_ISA_USAGE = YES_ERROR;
				CLANG_WARN_EMPTY_BODY = YES;
				CLANG_WARN_ENUM_CONVERSION = YES;
				CLANG_WARN_INT_CONVERSION = YES;
				CLANG_WARN_OBJC_ROOT_CLASS = YES_ERROR;
				CLANG_WARN__DUPLICATE_METHOD_MATCH = YES;
				"CODE_SIGN_IDENTITY[sdk=iphoneos*]" = "iPhone Developer";
				COPY_PHASE_STRIP = NO;
				GCC_C_LANGUAGE_STANDARD = gnu99;
				GCC_DYNAMIC_NO_PIC = NO;
				GCC_OPTIMIZATION_LEVEL = 0;
				GCC_PREPROCESSOR_DEFINITIONS = (
					"DEBUG=1",
					"$(inherited)",
				);
				GCC_SYMBOLS_PRIVATE_EXTERN = NO;
				GCC_WARN_64_TO_32_BIT_CONVERSION = YES;
				GCC_WARN_ABOUT_RETURN_TYPE = YES_ERROR;
				GCC_WARN_UNDECLARED_SELECTOR = YES;
				GCC_WARN_UNINITIALIZED_AUTOS = YES_AGGRESSIVE;
				GCC_WARN_UNUSED_FUNCTION = YES;
				GCC_WARN_UNUSED_VARIABLE = YES;
				IPHONEOS_DEPLOYMENT_TARGET = 7.1;
				ONLY_ACTIVE_ARCH = YES;
				SDKROOT = iphoneos;
				TARGETED_DEVICE_FAMILY = "1,2";
			};
			name = Debug;
		};
		4EE55CA419751FB20078428D /* Release */ = {
			isa = XCBuildConfiguration;
			buildSettings = {
				ALWAYS_SEARCH_USER_PATHS = NO;
				CLANG_CXX_LANGUAGE_STANDARD = "gnu++0x";
				CLANG_CXX_LIBRARY = "libc++";
				CLANG_ENABLE_MODULES = YES;
				CLANG_ENABLE_OBJC_ARC = YES;
				CLANG_WARN_BOOL_CONVERSION = YES;
				CLANG_WARN_CONSTANT_CONVERSION = YES;
				CLANG_WARN_DIRECT_OBJC_ISA_USAGE = YES_ERROR;
				CLANG_WARN_EMPTY_BODY = YES;
				CLANG_WARN_ENUM_CONVERSION = YES;
				CLANG_WARN_INT_CONVERSION = YES;
				CLANG_WARN_OBJC_ROOT_CLASS = YES_ERROR;
				CLANG_WARN__DUPLICATE_METHOD_MATCH = YES;
				"CODE_SIGN_IDENTITY[sdk=iphoneos*]" = "iPhone Developer";
				COPY_PHASE_STRIP = YES;
				ENABLE_NS_ASSERTIONS = NO;
				GCC_C_LANGUAGE_STANDARD = gnu99;
				GCC_WARN_64_TO_32_BIT_CONVERSION = YES;
				GCC_WARN_ABOUT_RETURN_TYPE = YES_ERROR;
				GCC_WARN_UNDECLARED_SELECTOR = YES;
				GCC_WARN_UNINITIALIZED_AUTOS = YES_AGGRESSIVE;
				GCC_WARN_UNUSED_FUNCTION = YES;
				GCC_WARN_UNUSED_VARIABLE = YES;
				IPHONEOS_DEPLOYMENT_TARGET = 7.1;
				SDKROOT = iphoneos;
				TARGETED_DEVICE_FAMILY = "1,2";
				VALIDATE_PRODUCT = YES;
			};
			name = Release;
		};
		4EE55CA619751FB20078428D /* Debug */ = {
			isa = XCBuildConfiguration;
			buildSettings = {
				ASSETCATALOG_COMPILER_APPICON_NAME = AppIcon;
				ASSETCATALOG_COMPILER_LAUNCHIMAGE_NAME = LaunchImage;
				GCC_PRECOMPILE_PREFIX_HEADER = YES;
				GCC_PREFIX_HEADER = "SteelStatics/SteelStatics-Prefix.pch";
				INFOPLIST_FILE = "SteelStatics/SteelStatics-Info.plist";
				PRODUCT_NAME = "$(TARGET_NAME)";
				WRAPPER_EXTENSION = app;
			};
			name = Debug;
		};
		4EE55CA719751FB20078428D /* Release */ = {
			isa = XCBuildConfiguration;
			buildSettings = {
				ASSETCATALOG_COMPILER_APPICON_NAME = AppIcon;
				ASSETCATALOG_COMPILER_LAUNCHIMAGE_NAME = LaunchImage;
				GCC_PRECOMPILE_PREFIX_HEADER = YES;
				GCC_PREFIX_HEADER = "SteelStatics/SteelStatics-Prefix.pch";
				INFOPLIST_FILE = "SteelStatics/SteelStatics-Info.plist";
				PRODUCT_NAME = "$(TARGET_NAME)";
				WRAPPER_EXTENSION = app;
			};
			name = Release;
		};
		4EE55CA919751FB20078428D /* Debug */ = {
			isa = XCBuildConfiguration;
			buildSettings = {
				BUNDLE_LOADER = "$(BUILT_PRODUCTS_DIR)/SteelStatics.app/SteelStatics";
				FRAMEWORK_SEARCH_PATHS = (
					"$(SDKROOT)/Developer/Library/Frameworks",
					"$(inherited)",
					"$(DEVELOPER_FRAMEWORKS_DIR)",
				);
				GCC_PRECOMPILE_PREFIX_HEADER = YES;
				GCC_PREFIX_HEADER = "SteelStatics/SteelStatics-Prefix.pch";
				GCC_PREPROCESSOR_DEFINITIONS = (
					"DEBUG=1",
					"$(inherited)",
				);
				INFOPLIST_FILE = "SteelStaticsTests/SteelStaticsTests-Info.plist";
				PRODUCT_NAME = "$(TARGET_NAME)";
				TEST_HOST = "$(BUNDLE_LOADER)";
				WRAPPER_EXTENSION = xctest;
			};
			name = Debug;
		};
		4EE55CAA19751FB20078428D /* Release */ = {
			isa = XCBuildConfiguration;
			buildSettings = {
				BUNDLE_LOADER = "$(BUILT_PRODUCTS_DIR)/SteelStatics.app/SteelStatics";
				FRAMEWORK_SEARCH_PATHS = (
					"$(SDKROOT)/Developer/Library/Frameworks",
					"$(inherited)",
					"$(DEVELOPER_FRAMEWORKS_DIR)",
				);
				GCC_PRECOMPILE_PREFIX_HEADER = YES;
				GCC_PREFIX_HEADER = "SteelStatics/SteelStatics-Prefix.pch";
				INFOPLIST_FILE = "SteelStaticsTests/SteelStaticsTests-Info.plist";
				PRODUCT_NAME = "$(TARGET_NAME)";
				TEST_HOST = "$(BUNDLE_LOADER)";
				WRAPPER_EXTENSION = xctest;
			};
			name = Release;
		};
/* End XCBuildConfiguration section */

/* Begin XCConfigurationList section */
		4EE55C6B19751FB20078428D /* Build configuration list for PBXProject "SteelStatics" */ = {
			isa = XCConfigurationList;
			buildConfigurations = (
				4EE55CA319751FB20078428D /* Debug */,
				4EE55CA419751FB20078428D /* Release */,
			);
			defaultConfigurationIsVisible = 0;
			defaultConfigurationName = Release;
		};
		4EE55CA519751FB20078428D /* Build configuration list for PBXNativeTarget "SteelStatics" */ = {
			isa = XCConfigurationList;
			buildConfigurations = (
				4EE55CA619751FB20078428D /* Debug */,
				4EE55CA719751FB20078428D /* Release */,
			);
			defaultConfigurationIsVisible = 0;
			defaultConfigurationName = Release;
		};
		4EE55CA819751FB20078428D /* Build configuration list for PBXNativeTarget "SteelStaticsTests" */ = {
			isa = XCConfigurationList;
			buildConfigurations = (
				4EE55CA919751FB20078428D /* Debug */,
				4EE55CAA19751FB20078428D /* Release */,
			);
			defaultConfigurationIsVisible = 0;
			defaultConfigurationName = Release;
		};
/* End XCConfigurationList section */
	};
	rootObject = 4EE55C6819751FB20078428D /* Project object */;
}
